{
    "version": 3,
    "terraform_version": "0.11.11",
    "serial": 3,
    "lineage": "084e58ad-87c1-abfb-1abd-a74742965e66",
    "modules": [
        {
            "path": [
                "root"
            ],
            "outputs": {
                "InstancePrivateIPs": {
                    "sensitive": false,
                    "type": "list",
                    "value": [
                        "10.0.2.2",
                        "10.0.3.2"
                    ]
                },
                "InstancePublicIPs": {
                    "sensitive": false,
                    "type": "list",
                    "value": [
                        "130.61.56.249",
                        "130.61.29.72"
                    ]
                },
                "WordpressInstancePrivateIPs": {
                    "sensitive": false,
                    "type": "list",
                    "value": [
                        "10.0.7.2",
                        "10.0.8.2"
                    ]
                },
                "WordpressInstancePublicIPs": {
                    "sensitive": false,
                    "type": "list",
                    "value": [
                        "130.61.51.136",
                        "130.61.29.74"
                    ]
                },
                "lb_public_ip": {
                    "sensitive": false,
                    "type": "list",
                    "value": [
                        "130.61.10.204"
                    ]
                },
                "lb_public_ip2": {
                    "sensitive": false,
                    "type": "list",
                    "value": [
                        "132.145.233.184"
                    ]
                }
            },
            "resources": {
                "data.oci_database_backups.test_backups": {
                    "type": "oci_database_backups",
                    "depends_on": [
                        "data.oci_database_databases.databases",
                        "oci_database_backup.test_backup"
                    ],
                    "primary": {
                        "id": "2019-03-08 08:06:28.151158477 +0000 UTC",
                        "attributes": {
                            "backups.#": "0",
                            "database_id": "ocid1.database.oc1.eu-frankfurt-1.abtheljrnnn5v3mee6r4l4yx7jpq4odridw45xsayxv3mctkqys6e4kumipa",
                            "filter.#": "2",
                            "filter.1779721774.name": "state",
                            "filter.1779721774.regex": "false",
                            "filter.1779721774.values.#": "1",
                            "filter.1779721774.values.0": "AVAILABLE",
                            "filter.200843837.name": "id",
                            "filter.200843837.regex": "false",
                            "filter.200843837.values.#": "1",
                            "filter.200843837.values.0": "ocid1.dbbackup.oc1.eu-frankfurt-1.abtheljrhw7ikw5nccireyyeenkgmysnjh5mxuw2ax7b6gfutaruhczcmr6a",
                            "id": "2019-03-08 08:06:28.151158477 +0000 UTC"
                        },
                        "meta": {},
                        "tainted": false
                    },
                    "deposed": [],
                    "provider": "provider.oci"
                },
                "data.oci_database_databases.databases": {
                    "type": "oci_database_databases",
                    "depends_on": [
                        "data.oci_database_db_homes.db_homes"
                    ],
                    "primary": {
                        "id": "2019-03-08 08:06:27.546028062 +0000 UTC",
                        "attributes": {
                            "compartment_id": "ocid1.compartment.oc1..aaaaaaaa3niof57fwig2wavxtnm5qfpg6qdixzmze5bewbdhi3yojp7dijxq",
                            "databases.#": "1",
                            "databases.0.character_set": "AL32UTF8",
                            "databases.0.compartment_id": "ocid1.compartment.oc1..aaaaaaaa3niof57fwig2wavxtnm5qfpg6qdixzmze5bewbdhi3yojp7dijxq",
                            "databases.0.connection_strings.#": "1",
                            "databases.0.connection_strings.0.all_connection_strings.%": "2",
                            "databases.0.connection_strings.0.all_connection_strings.cdbDefault": "myoracledb.dbexample.dbexample.oraclevcn.com:1521/Dorindb_fra2z6.dbexample.dbexample.oraclevcn.com",
                            "databases.0.connection_strings.0.all_connection_strings.cdbIpDefault": "(DESCRIPTION=(CONNECT_TIMEOUT=5)(TRANSPORT_CONNECT_TIMEOUT=3)(RETRY_COUNT=3)(ADDRESS_LIST=(LOAD_BALANCE=on)(ADDRESS=(PROTOCOL=TCP)(HOST=10.0.9.2)(PORT=1521)))(CONNECT_DATA=(SERVICE_NAME=Dorindb_fra2z6.dbexample.dbexample.oraclevcn.com)))",
                            "databases.0.connection_strings.0.cdb_default": "myoracledb.dbexample.dbexample.oraclevcn.com:1521/Dorindb_fra2z6.dbexample.dbexample.oraclevcn.com",
                            "databases.0.connection_strings.0.cdb_ip_default": "(DESCRIPTION=(CONNECT_TIMEOUT=5)(TRANSPORT_CONNECT_TIMEOUT=3)(RETRY_COUNT=3)(ADDRESS_LIST=(LOAD_BALANCE=on)(ADDRESS=(PROTOCOL=TCP)(HOST=10.0.9.2)(PORT=1521)))(CONNECT_DATA=(SERVICE_NAME=Dorindb_fra2z6.dbexample.dbexample.oraclevcn.com)))",
                            "databases.0.database_id": "",
                            "databases.0.db_backup_config.#": "1",
                            "databases.0.db_backup_config.0.auto_backup_enabled": "true",
                            "databases.0.db_home_id": "ocid1.dbhome.oc1.eu-frankfurt-1.abtheljrl3zki35frfusypohbpiph3mk5tbqf3zrygqiwbjj4wecaiw4v64q",
                            "databases.0.db_name": "Dorindb",
                            "databases.0.db_unique_name": "Dorindb_fra2z6",
                            "databases.0.db_workload": "OLTP",
                            "databases.0.defined_tags.%": "0",
                            "databases.0.freeform_tags.%": "0",
                            "databases.0.id": "ocid1.database.oc1.eu-frankfurt-1.abtheljrnnn5v3mee6r4l4yx7jpq4odridw45xsayxv3mctkqys6e4kumipa",
                            "databases.0.lifecycle_details": "",
                            "databases.0.ncharacter_set": "AL16UTF16",
                            "databases.0.pdb_name": "pdbName",
                            "databases.0.state": "AVAILABLE",
                            "databases.0.time_created": "2019-03-06 07:44:14.867 +0000 UTC",
                            "db_home_id": "ocid1.dbhome.oc1.eu-frankfurt-1.abtheljrl3zki35frfusypohbpiph3mk5tbqf3zrygqiwbjj4wecaiw4v64q",
                            "id": "2019-03-08 08:06:27.546028062 +0000 UTC"
                        },
                        "meta": {},
                        "tainted": false
                    },
                    "deposed": [],
                    "provider": "provider.oci"
                },
                "data.oci_database_db_home_patch_history_entries.patches_history": {
                    "type": "oci_database_db_home_patch_history_entries",
                    "depends_on": [
                        "data.oci_database_db_homes.db_homes"
                    ],
                    "primary": {
                        "id": "2019-03-08 08:06:27.388967565 +0000 UTC",
                        "attributes": {
                            "db_home_id": "ocid1.dbhome.oc1.eu-frankfurt-1.abtheljrl3zki35frfusypohbpiph3mk5tbqf3zrygqiwbjj4wecaiw4v64q",
                            "id": "2019-03-08 08:06:27.388967565 +0000 UTC",
                            "patch_history_entries.#": "0"
                        },
                        "meta": {},
                        "tainted": false
                    },
                    "deposed": [],
                    "provider": "provider.oci"
                },
                "data.oci_database_db_home_patches.patches": {
                    "type": "oci_database_db_home_patches",
                    "depends_on": [
                        "data.oci_database_db_homes.db_homes"
                    ],
                    "primary": {
                        "id": "2019-03-08 08:06:27.922731375 +0000 UTC",
                        "attributes": {
                            "db_home_id": "ocid1.dbhome.oc1.eu-frankfurt-1.abtheljrl3zki35frfusypohbpiph3mk5tbqf3zrygqiwbjj4wecaiw4v64q",
                            "id": "2019-03-08 08:06:27.922731375 +0000 UTC",
                            "patches.#": "3",
                            "patches.0.available_actions.#": "0",
                            "patches.0.description": "Jul 2018 12.1.0.2 Database patch",
                            "patches.0.id": "ocid1.dbpatch.oc1.eu-frankfurt-1.abtheljr7g7zv7q7esw4ud356lcf3fwngav7ufyv62w22k63gwhy4rgvi6ja",
                            "patches.0.last_action": "",
                            "patches.0.lifecycle_details": "",
                            "patches.0.state": "",
                            "patches.0.time_released": "2018-07-30 01:00:00 +0000 UTC",
                            "patches.0.version": "12.1.0.2.180717",
                            "patches.1.available_actions.#": "2",
                            "patches.1.available_actions.0": "APPLY",
                            "patches.1.available_actions.1": "PRECHECK",
                            "patches.1.description": "Jan 2019 12.1.0.2 Database patch",
                            "patches.1.id": "ocid1.dbpatch.oc1.eu-frankfurt-1.abtheljrfuvp7hcvtiuf6lewuwwxnydahryhd75nb5lak525nkcb4qzakbjq",
                            "patches.1.last_action": "",
                            "patches.1.lifecycle_details": "",
                            "patches.1.state": "",
                            "patches.1.time_released": "2019-02-20 01:00:00 +0000 UTC",
                            "patches.1.version": "12.1.0.2.190115",
                            "patches.2.available_actions.#": "2",
                            "patches.2.available_actions.0": "APPLY",
                            "patches.2.available_actions.1": "PRECHECK",
                            "patches.2.description": "Oct 2018 12.1.0.2 Database patch",
                            "patches.2.id": "ocid1.dbpatch.oc1.eu-frankfurt-1.abtheljrgpmzeesxxqf2wfa4jdtjmdsvpljt2ej4tu7gjporcyaolnwdi2za",
                            "patches.2.last_action": "",
                            "patches.2.lifecycle_details": "",
                            "patches.2.state": "",
                            "patches.2.time_released": "2019-01-10 01:00:00 +0000 UTC",
                            "patches.2.version": "12.1.0.2.181016"
                        },
                        "meta": {},
                        "tainted": false
                    },
                    "deposed": [],
                    "provider": "provider.oci"
                },
                "data.oci_database_db_homes.db_homes": {
                    "type": "oci_database_db_homes",
                    "depends_on": [
                        "oci_database_db_system.test_db_system"
                    ],
                    "primary": {
                        "id": "2019-03-08 08:06:27.103513522 +0000 UTC",
                        "attributes": {
                            "compartment_id": "ocid1.compartment.oc1..aaaaaaaa3niof57fwig2wavxtnm5qfpg6qdixzmze5bewbdhi3yojp7dijxq",
                            "db_homes.#": "1",
                            "db_homes.0.compartment_id": "ocid1.compartment.oc1..aaaaaaaa3niof57fwig2wavxtnm5qfpg6qdixzmze5bewbdhi3yojp7dijxq",
                            "db_homes.0.db_home_id": "ocid1.dbhome.oc1.eu-frankfurt-1.abtheljrl3zki35frfusypohbpiph3mk5tbqf3zrygqiwbjj4wecaiw4v64q",
                            "db_homes.0.db_system_id": "ocid1.dbsystem.oc1.eu-frankfurt-1.abtheljrmtmzmnb5hkemif7ujh4qbjcvtyru3s42hvpjkccna6ew3hjhwn6a",
                            "db_homes.0.db_version": "12.1.0.2.180717",
                            "db_homes.0.display_name": "DBHome",
                            "db_homes.0.id": "ocid1.dbhome.oc1.eu-frankfurt-1.abtheljrl3zki35frfusypohbpiph3mk5tbqf3zrygqiwbjj4wecaiw4v64q",
                            "db_homes.0.last_patch_history_entry_id": "",
                            "db_homes.0.state": "AVAILABLE",
                            "db_homes.0.time_created": "2019-03-06 07:44:14.866 +0000 UTC",
                            "db_system_id": "ocid1.dbsystem.oc1.eu-frankfurt-1.abtheljrmtmzmnb5hkemif7ujh4qbjcvtyru3s42hvpjkccna6ew3hjhwn6a",
                            "id": "2019-03-08 08:06:27.103513522 +0000 UTC"
                        },
                        "meta": {},
                        "tainted": false
                    },
                    "deposed": [],
                    "provider": "provider.oci"
                },
                "data.oci_database_db_node.db_node_details": {
                    "type": "oci_database_db_node",
                    "depends_on": [
                        "data.oci_database_db_nodes.db_nodes"
                    ],
                    "primary": {
                        "id": "ocid1.dbnode.oc1.eu-frankfurt-1.abtheljrsjm2xnfrokcskuwbo2kv5ewuwxkdouvyqez2gug7gqrvj2djpujq",
                        "attributes": {
                            "db_node_id": "ocid1.dbnode.oc1.eu-frankfurt-1.abtheljrsjm2xnfrokcskuwbo2kv5ewuwxkdouvyqez2gug7gqrvj2djpujq",
                            "db_system_id": "ocid1.dbsystem.oc1.eu-frankfurt-1.abtheljrmtmzmnb5hkemif7ujh4qbjcvtyru3s42hvpjkccna6ew3hjhwn6a",
                            "fault_domain": "fault-domain-1",
                            "hostname": "myoracledb",
                            "id": "ocid1.dbnode.oc1.eu-frankfurt-1.abtheljrsjm2xnfrokcskuwbo2kv5ewuwxkdouvyqez2gug7gqrvj2djpujq",
                            "software_storage_size_in_gb": "200",
                            "state": "AVAILABLE",
                            "time_created": "2019-03-06 07:44:14.865 +0000 UTC",
                            "vnic_id": "ocid1.vnic.oc1.eu-frankfurt-1.abtheljrs22aqnebobh5fj64dc4khiu4wngzeoi7ebqz4xsy5k2bjgtvjjaq"
                        },
                        "meta": {},
                        "tainted": false
                    },
                    "deposed": [],
                    "provider": "provider.oci"
                },
                "data.oci_database_db_nodes.db_nodes": {
                    "type": "oci_database_db_nodes",
                    "depends_on": [
                        "oci_database_db_system.test_db_system"
                    ],
                    "primary": {
                        "id": "2019-03-08 08:06:27.251692659 +0000 UTC",
                        "attributes": {
                            "compartment_id": "ocid1.compartment.oc1..aaaaaaaa3niof57fwig2wavxtnm5qfpg6qdixzmze5bewbdhi3yojp7dijxq",
                            "db_nodes.#": "1",
                            "db_nodes.0.backup_vnic_id": "",
                            "db_nodes.0.db_node_id": "ocid1.dbnode.oc1.eu-frankfurt-1.abtheljrsjm2xnfrokcskuwbo2kv5ewuwxkdouvyqez2gug7gqrvj2djpujq",
                            "db_nodes.0.db_system_id": "ocid1.dbsystem.oc1.eu-frankfurt-1.abtheljrmtmzmnb5hkemif7ujh4qbjcvtyru3s42hvpjkccna6ew3hjhwn6a",
                            "db_nodes.0.fault_domain": "fault-domain-1",
                            "db_nodes.0.hostname": "myoracledb",
                            "db_nodes.0.id": "ocid1.dbnode.oc1.eu-frankfurt-1.abtheljrsjm2xnfrokcskuwbo2kv5ewuwxkdouvyqez2gug7gqrvj2djpujq",
                            "db_nodes.0.software_storage_size_in_gb": "200",
                            "db_nodes.0.state": "AVAILABLE",
                            "db_nodes.0.time_created": "2019-03-06 07:44:14.865 +0000 UTC",
                            "db_nodes.0.vnic_id": "ocid1.vnic.oc1.eu-frankfurt-1.abtheljrs22aqnebobh5fj64dc4khiu4wngzeoi7ebqz4xsy5k2bjgtvjjaq",
                            "db_system_id": "ocid1.dbsystem.oc1.eu-frankfurt-1.abtheljrmtmzmnb5hkemif7ujh4qbjcvtyru3s42hvpjkccna6ew3hjhwn6a",
                            "id": "2019-03-08 08:06:27.251692659 +0000 UTC"
                        },
                        "meta": {},
                        "tainted": false
                    },
                    "deposed": [],
                    "provider": "provider.oci"
                },
                "data.oci_database_db_system_patch_history_entries.patches_history": {
                    "type": "oci_database_db_system_patch_history_entries",
                    "depends_on": [
                        "oci_database_db_system.test_db_system"
                    ],
                    "primary": {
                        "id": "2019-03-08 08:06:27.192958297 +0000 UTC",
                        "attributes": {
                            "db_system_id": "ocid1.dbsystem.oc1.eu-frankfurt-1.abtheljrmtmzmnb5hkemif7ujh4qbjcvtyru3s42hvpjkccna6ew3hjhwn6a",
                            "id": "2019-03-08 08:06:27.192958297 +0000 UTC",
                            "patch_history_entries.#": "0"
                        },
                        "meta": {},
                        "tainted": false
                    },
                    "deposed": [],
                    "provider": "provider.oci"
                },
                "data.oci_database_db_system_patches.patches": {
                    "type": "oci_database_db_system_patches",
                    "depends_on": [
                        "oci_database_db_system.test_db_system"
                    ],
                    "primary": {
                        "id": "2019-03-08 08:06:27.498326084 +0000 UTC",
                        "attributes": {
                            "db_system_id": "ocid1.dbsystem.oc1.eu-frankfurt-1.abtheljrmtmzmnb5hkemif7ujh4qbjcvtyru3s42hvpjkccna6ew3hjhwn6a",
                            "id": "2019-03-08 08:06:27.498326084 +0000 UTC",
                            "patches.#": "1",
                            "patches.0.available_actions.#": "2",
                            "patches.0.available_actions.0": "APPLY",
                            "patches.0.available_actions.1": "PRECHECK",
                            "patches.0.description": "Jan 2019 12.2.0.1 Db System patch",
                            "patches.0.id": "ocid1.dbpatch.oc1.eu-frankfurt-1.abtheljrmlneebrw4dx4zfii42nln5rdkkjtogbvwjocyrgpyhlh43ffbgma",
                            "patches.0.last_action": "",
                            "patches.0.lifecycle_details": "",
                            "patches.0.state": "",
                            "patches.0.time_released": "2019-02-20 01:00:00 +0000 UTC",
                            "patches.0.version": "12.2.0.1.190115"
                        },
                        "meta": {},
                        "tainted": false
                    },
                    "deposed": [],
                    "provider": "provider.oci"
                },
                "data.oci_database_db_system_shapes.test_db_system_shapes": {
                    "type": "oci_database_db_system_shapes",
                    "depends_on": [
                        "data.oci_identity_availability_domains.ADs"
                    ],
                    "primary": {
                        "id": "2019-03-08 08:06:25.264957548 +0000 UTC",
                        "attributes": {
                            "availability_domain": "TkFi:EU-FRANKFURT-1-AD-2",
                            "compartment_id": "ocid1.compartment.oc1..aaaaaaaa3niof57fwig2wavxtnm5qfpg6qdixzmze5bewbdhi3yojp7dijxq",
                            "db_system_shapes.#": "1",
                            "db_system_shapes.0.available_core_count": "1",
                            "db_system_shapes.0.core_count_increment": "0",
                            "db_system_shapes.0.maximum_node_count": "1",
                            "db_system_shapes.0.minimum_core_count": "1",
                            "db_system_shapes.0.minimum_node_count": "1",
                            "db_system_shapes.0.name": "VM.Standard2.1",
                            "db_system_shapes.0.shape": "VM.Standard2.1",
                            "filter.#": "1",
                            "filter.4292017172.name": "shape",
                            "filter.4292017172.regex": "false",
                            "filter.4292017172.values.#": "1",
                            "filter.4292017172.values.0": "VM.Standard2.1",
                            "id": "2019-03-08 08:06:25.264957548 +0000 UTC"
                        },
                        "meta": {},
                        "tainted": false
                    },
                    "deposed": [],
                    "provider": "provider.oci"
                },
                "data.oci_database_db_systems.db_systems": {
                    "type": "oci_database_db_systems",
                    "depends_on": [
                        "oci_database_backup.test_backup"
                    ],
                    "primary": {
                        "id": "2019-03-08 08:06:28.142250593 +0000 UTC",
                        "attributes": {
                            "backup_id": "ocid1.dbbackup.oc1.eu-frankfurt-1.abtheljrhw7ikw5nccireyyeenkgmysnjh5mxuw2ax7b6gfutaruhczcmr6a",
                            "compartment_id": "ocid1.compartment.oc1..aaaaaaaa3niof57fwig2wavxtnm5qfpg6qdixzmze5bewbdhi3yojp7dijxq",
                            "db_systems.#": "0",
                            "id": "2019-03-08 08:06:28.142250593 +0000 UTC"
                        },
                        "meta": {},
                        "tainted": false
                    },
                    "deposed": [],
                    "provider": "provider.oci"
                },
                "data.oci_database_db_versions.test_db_versions_by_db_system_id": {
                    "type": "oci_database_db_versions",
                    "depends_on": [
                        "oci_database_db_system.test_db_system"
                    ],
                    "primary": {
                        "id": "2019-03-08 08:06:27.144854387 +0000 UTC",
                        "attributes": {
                            "compartment_id": "ocid1.compartment.oc1..aaaaaaaa3niof57fwig2wavxtnm5qfpg6qdixzmze5bewbdhi3yojp7dijxq",
                            "db_system_id": "ocid1.dbsystem.oc1.eu-frankfurt-1.abtheljrmtmzmnb5hkemif7ujh4qbjcvtyru3s42hvpjkccna6ew3hjhwn6a",
                            "db_versions.#": "2",
                            "db_versions.0.is_latest_for_major_version": "true",
                            "db_versions.0.supports_pdb": "false",
                            "db_versions.0.version": "11.2.0.4",
                            "db_versions.1.is_latest_for_major_version": "true",
                            "db_versions.1.supports_pdb": "true",
                            "db_versions.1.version": "12.1.0.2",
                            "id": "2019-03-08 08:06:27.144854387 +0000 UTC"
                        },
                        "meta": {},
                        "tainted": false
                    },
                    "deposed": [],
                    "provider": "provider.oci"
                },
                "data.oci_identity_availability_domains.ADs": {
                    "type": "oci_identity_availability_domains",
                    "depends_on": [],
                    "primary": {
                        "id": "2019-03-08 08:06:24.839055935 +0000 UTC",
                        "attributes": {
                            "availability_domains.#": "3",
                            "availability_domains.0.compartment_id": "ocid1.tenancy.oc1..aaaaaaaab4qmtjwj5hof3g4werd2pe5yu5no5oxf7e7vt3whnagivreeselq",
                            "availability_domains.0.id": "ocid1.availabilitydomain.oc1..aaaaaaaalcdcbl7u6akbmkojxhrozpj2v7yavqqydkj3ytyjbt47lnoqnm2q",
                            "availability_domains.0.name": "TkFi:EU-FRANKFURT-1-AD-1",
                            "availability_domains.1.compartment_id": "ocid1.tenancy.oc1..aaaaaaaab4qmtjwj5hof3g4werd2pe5yu5no5oxf7e7vt3whnagivreeselq",
                            "availability_domains.1.id": "ocid1.availabilitydomain.oc1..aaaaaaaaiifj24st3w4j7cowuo3pmqcuqwjapjv435vtjmgh5j7q3flguwna",
                            "availability_domains.1.name": "TkFi:EU-FRANKFURT-1-AD-2",
                            "availability_domains.2.compartment_id": "ocid1.tenancy.oc1..aaaaaaaab4qmtjwj5hof3g4werd2pe5yu5no5oxf7e7vt3whnagivreeselq",
                            "availability_domains.2.id": "ocid1.availabilitydomain.oc1..aaaaaaaaa2artt5wizbqvwl3rgptylx2l7jqbnyv4dygcfvlrd3dphvi3mdq",
                            "availability_domains.2.name": "TkFi:EU-FRANKFURT-1-AD-3",
                            "compartment_id": "ocid1.tenancy.oc1..aaaaaaaab4qmtjwj5hof3g4werd2pe5yu5no5oxf7e7vt3whnagivreeselq",
                            "id": "2019-03-08 08:06:24.839055935 +0000 UTC"
                        },
                        "meta": {},
                        "tainted": false
                    },
                    "deposed": [],
                    "provider": "provider.oci"
                },
                "oci_core_instance.WebServerA": {
                    "type": "oci_core_instance",
                    "depends_on": [
                        "data.oci_identity_availability_domains.ADs",
                        "oci_core_subnet.WBA"
                    ],
                    "primary": {
                        "id": "ocid1.instance.oc1.eu-frankfurt-1.abtheljtjeen54637y5amkn6322nja52th4nji7lp2nbbxum5lhb6itaglma",
                        "attributes": {
                            "agent_config.#": "1",
                            "agent_config.0.is_monitoring_disabled": "false",
                            "availability_domain": "TkFi:EU-FRANKFURT-1-AD-1",
                            "boot_volume_id": "ocid1.bootvolume.oc1.eu-frankfurt-1.abtheljtwieenw2e4q3j2m253wtruxapkyfdypemkyjbt7vc6wdxi62uizkq",
                            "compartment_id": "ocid1.compartment.oc1..aaaaaaaa3niof57fwig2wavxtnm5qfpg6qdixzmze5bewbdhi3yojp7dijxq",
                            "create_vnic_details.#": "1",
                            "create_vnic_details.0.assign_public_ip": "true",
                            "create_vnic_details.0.defined_tags.%": "0",
                            "create_vnic_details.0.display_name": "WebServerA",
                            "create_vnic_details.0.freeform_tags.%": "0",
                            "create_vnic_details.0.hostname_label": "",
                            "create_vnic_details.0.private_ip": "10.0.2.2",
                            "create_vnic_details.0.skip_source_dest_check": "false",
                            "create_vnic_details.0.subnet_id": "ocid1.subnet.oc1.eu-frankfurt-1.aaaaaaaarip3mm5ctec4op26dqwmpdb7e73a77f3s5te7lzbfyqt5xqli5uq",
                            "defined_tags.%": "1",
                            "defined_tags.BUCH_IaaS.PersonalLearning": "Dorin",
                            "display_name": "WebServerA",
                            "fault_domain": "FAULT-DOMAIN-1",
                            "freeform_tags.%": "0",
                            "hostname_label": "",
                            "id": "ocid1.instance.oc1.eu-frankfurt-1.abtheljtjeen54637y5amkn6322nja52th4nji7lp2nbbxum5lhb6itaglma",
                            "image": "ocid1.image.oc1.eu-frankfurt-1.aaaaaaaa4ajophxsobnchfbaex3xbf4f6rx6b74w2rck3q4rbcnnfafnbz5q",
                            "launch_mode": "NATIVE",
                            "launch_options.#": "1",
                            "launch_options.0.boot_volume_type": "ISCSI",
                            "launch_options.0.firmware": "UEFI_64",
                            "launch_options.0.is_consistent_volume_naming_enabled": "false",
                            "launch_options.0.is_pv_encryption_in_transit_enabled": "false",
                            "launch_options.0.network_type": "VFIO",
                            "launch_options.0.remote_data_volume_type": "PARAVIRTUALIZED",
                            "metadata.%": "1",
                            "metadata.user_data": "IyEvYmluL2Jhc2ggLXgKZWNobyAnIyMjIyMjIyMjIyMjIyMjIyMjIyB3ZWJzZXJ2ZXIgdXNlcmRhdGEgYmVnaW5zICMjIyMjIyMjIyMjIyMjIyMjIyMjIycKdG91Y2ggfm9wYy91c2VyZGF0YS5gZGF0ZSArJXNgLnN0YXJ0CiMgZWNobyAnIyMjIyMjIyMjIyB5dW0gdXBkYXRlIGFsbCAjIyMjIyMjIyMjIyMjIyMnCiMgeXVtIHVwZGF0ZSAteQplY2hvICcjIyMjIyMjIyMjIGJhc2ljIHdlYnNlcnZlciAjIyMjIyMjIyMjIyMjIycKeXVtIGluc3RhbGwgLXkgaHR0cGQKc3lzdGVtY3RsIGVuYWJsZSAgaHR0cGQuc2VydmljZQpzeXN0ZW1jdGwgc3RhcnQgIGh0dHBkLnNlcnZpY2UKZWNobyAnPGh0bWw+PGhlYWQ+PC9oZWFkPjxib2R5PjxwcmU+PGNvZGU+JyA+IC92YXIvd3d3L2h0bWwvaW5kZXguaHRtbApob3N0bmFtZSA+PiAvdmFyL3d3dy9odG1sL2luZGV4Lmh0bWwKZWNobyAnJyA+PiAvdmFyL3d3dy9odG1sL2luZGV4Lmh0bWwKY2F0IC9ldGMvb3MtcmVsZWFzZSA+PiAvdmFyL3d3dy9odG1sL2luZGV4Lmh0bWwKZWNobyAnPC9jb2RlPjwvcHJlPjwvYm9keT48L2h0bWw+JyA+PiAvdmFyL3d3dy9odG1sL2luZGV4Lmh0bWwKZmlyZXdhbGwtb2ZmbGluZS1jbWQgLS1hZGQtc2VydmljZT1odHRwCnN5c3RlbWN0bCBlbmFibGUgIGZpcmV3YWxsZApzeXN0ZW1jdGwgcmVzdGFydCAgZmlyZXdhbGxkCnRvdWNoIH5vcGMvdXNlcmRhdGEuYGRhdGUgKyVzYC5maW5pc2gKZWNobyAnIyMjIyMjIyMjIyMjIyMjIyMjIyB3ZWJzZXJ2ZXIgdXNlcmRhdGEgZW5kcyAjIyMjIyMjIyMjIyMjIyMjIyMjIyMjIycK",
                            "private_ip": "10.0.2.2",
                            "public_ip": "130.61.56.249",
                            "region": "eu-frankfurt-1",
                            "shape": "VM.Standard2.1",
                            "source_details.#": "1",
                            "source_details.0.boot_volume_size_in_gbs": "47",
                            "source_details.0.kms_key_id": "",
                            "source_details.0.source_id": "ocid1.image.oc1.eu-frankfurt-1.aaaaaaaa4ajophxsobnchfbaex3xbf4f6rx6b74w2rck3q4rbcnnfafnbz5q",
                            "source_details.0.source_type": "image",
                            "state": "RUNNING",
                            "subnet_id": "ocid1.subnet.oc1.eu-frankfurt-1.aaaaaaaarip3mm5ctec4op26dqwmpdb7e73a77f3s5te7lzbfyqt5xqli5uq",
                            "time_created": "2019-03-06 07:44:12.62 +0000 UTC",
                            "time_maintenance_reboot_due": ""
                        },
                        "meta": {
                            "e2bfb730-ecaa-11e6-8f88-34363bc7c4c0": {
                                "create": 7200000000000,
                                "delete": 7200000000000,
                                "update": 7200000000000
                            }
                        },
                        "tainted": false
                    },
                    "deposed": [],
                    "provider": "provider.oci"
                },
                "oci_core_instance.WebServerB": {
                    "type": "oci_core_instance",
                    "depends_on": [
                        "data.oci_identity_availability_domains.ADs",
                        "oci_core_subnet.WBB"
                    ],
                    "primary": {
                        "id": "ocid1.instance.oc1.eu-frankfurt-1.abtheljrhb2gx4g3qior5tti4x534xnr2rmcidfrsvllnydu7vx6vbv7baga",
                        "attributes": {
                            "agent_config.#": "1",
                            "agent_config.0.is_monitoring_disabled": "false",
                            "availability_domain": "TkFi:EU-FRANKFURT-1-AD-2",
                            "boot_volume_id": "ocid1.bootvolume.oc1.eu-frankfurt-1.abtheljrroupn6y2ikx6avrwirmiotluafep74wsb3ui4pgtewj6vrj6jykq",
                            "compartment_id": "ocid1.compartment.oc1..aaaaaaaa3niof57fwig2wavxtnm5qfpg6qdixzmze5bewbdhi3yojp7dijxq",
                            "create_vnic_details.#": "1",
                            "create_vnic_details.0.assign_public_ip": "true",
                            "create_vnic_details.0.defined_tags.%": "0",
                            "create_vnic_details.0.display_name": "WebServerB",
                            "create_vnic_details.0.freeform_tags.%": "0",
                            "create_vnic_details.0.hostname_label": "",
                            "create_vnic_details.0.private_ip": "10.0.3.2",
                            "create_vnic_details.0.skip_source_dest_check": "false",
                            "create_vnic_details.0.subnet_id": "ocid1.subnet.oc1.eu-frankfurt-1.aaaaaaaaa4ncio7gw6ezu7o2jso3ffycihpxqjzpupjauz2jhfvwimcsi4aa",
                            "defined_tags.%": "1",
                            "defined_tags.BUCH_IaaS.PersonalLearning": "Dorin",
                            "display_name": "WebServerB",
                            "fault_domain": "FAULT-DOMAIN-1",
                            "freeform_tags.%": "0",
                            "hostname_label": "",
                            "id": "ocid1.instance.oc1.eu-frankfurt-1.abtheljrhb2gx4g3qior5tti4x534xnr2rmcidfrsvllnydu7vx6vbv7baga",
                            "image": "ocid1.image.oc1.eu-frankfurt-1.aaaaaaaa4ajophxsobnchfbaex3xbf4f6rx6b74w2rck3q4rbcnnfafnbz5q",
                            "launch_mode": "NATIVE",
                            "launch_options.#": "1",
                            "launch_options.0.boot_volume_type": "ISCSI",
                            "launch_options.0.firmware": "UEFI_64",
                            "launch_options.0.is_consistent_volume_naming_enabled": "false",
                            "launch_options.0.is_pv_encryption_in_transit_enabled": "false",
                            "launch_options.0.network_type": "VFIO",
                            "launch_options.0.remote_data_volume_type": "PARAVIRTUALIZED",
                            "metadata.%": "1",
                            "metadata.user_data": "IyEvYmluL2Jhc2ggLXgKZWNobyAnIyMjIyMjIyMjIyMjIyMjIyMjIyB3ZWJzZXJ2ZXIgdXNlcmRhdGEgYmVnaW5zICMjIyMjIyMjIyMjIyMjIyMjIyMjIycKdG91Y2ggfm9wYy91c2VyZGF0YS5gZGF0ZSArJXNgLnN0YXJ0CiMgZWNobyAnIyMjIyMjIyMjIyB5dW0gdXBkYXRlIGFsbCAjIyMjIyMjIyMjIyMjIyMnCiMgeXVtIHVwZGF0ZSAteQplY2hvICcjIyMjIyMjIyMjIGJhc2ljIHdlYnNlcnZlciAjIyMjIyMjIyMjIyMjIycKeXVtIGluc3RhbGwgLXkgaHR0cGQKc3lzdGVtY3RsIGVuYWJsZSAgaHR0cGQuc2VydmljZQpzeXN0ZW1jdGwgc3RhcnQgIGh0dHBkLnNlcnZpY2UKZWNobyAnPGh0bWw+PGhlYWQ+PC9oZWFkPjxib2R5PjxwcmU+PGNvZGU+JyA+IC92YXIvd3d3L2h0bWwvaW5kZXguaHRtbApob3N0bmFtZSA+PiAvdmFyL3d3dy9odG1sL2luZGV4Lmh0bWwKZWNobyAnJyA+PiAvdmFyL3d3dy9odG1sL2luZGV4Lmh0bWwKY2F0IC9ldGMvb3MtcmVsZWFzZSA+PiAvdmFyL3d3dy9odG1sL2luZGV4Lmh0bWwKZWNobyAnPC9jb2RlPjwvcHJlPjwvYm9keT48L2h0bWw+JyA+PiAvdmFyL3d3dy9odG1sL2luZGV4Lmh0bWwKZmlyZXdhbGwtb2ZmbGluZS1jbWQgLS1hZGQtc2VydmljZT1odHRwCnN5c3RlbWN0bCBlbmFibGUgIGZpcmV3YWxsZApzeXN0ZW1jdGwgcmVzdGFydCAgZmlyZXdhbGxkCnRvdWNoIH5vcGMvdXNlcmRhdGEuYGRhdGUgKyVzYC5maW5pc2gKZWNobyAnIyMjIyMjIyMjIyMjIyMjIyMjIyB3ZWJzZXJ2ZXIgdXNlcmRhdGEgZW5kcyAjIyMjIyMjIyMjIyMjIyMjIyMjIyMjIycK",
                            "private_ip": "10.0.3.2",
                            "public_ip": "130.61.29.72",
                            "region": "eu-frankfurt-1",
                            "shape": "VM.Standard2.1",
                            "source_details.#": "1",
                            "source_details.0.boot_volume_size_in_gbs": "47",
                            "source_details.0.kms_key_id": "",
                            "source_details.0.source_id": "ocid1.image.oc1.eu-frankfurt-1.aaaaaaaa4ajophxsobnchfbaex3xbf4f6rx6b74w2rck3q4rbcnnfafnbz5q",
                            "source_details.0.source_type": "image",
                            "state": "RUNNING",
                            "subnet_id": "ocid1.subnet.oc1.eu-frankfurt-1.aaaaaaaaa4ncio7gw6ezu7o2jso3ffycihpxqjzpupjauz2jhfvwimcsi4aa",
                            "time_created": "2019-03-06 07:44:13.84 +0000 UTC",
                            "time_maintenance_reboot_due": ""
                        },
                        "meta": {
                            "e2bfb730-ecaa-11e6-8f88-34363bc7c4c0": {
                                "create": 7200000000000,
                                "delete": 7200000000000,
                                "update": 7200000000000
                            }
                        },
                        "tainted": false
                    },
                    "deposed": [],
                    "provider": "provider.oci"
                },
                "oci_core_instance.WordpressA": {
                    "type": "oci_core_instance",
                    "depends_on": [
                        "data.oci_identity_availability_domains.ADs",
                        "oci_core_subnet.WBA2"
                    ],
                    "primary": {
                        "id": "ocid1.instance.oc1.eu-frankfurt-1.abtheljt7xghnbqf5wxx2m2l5yupcsl7jf3krvgl3vjod6sczgqtvp5esiwa",
                        "attributes": {
                            "agent_config.#": "1",
                            "agent_config.0.is_monitoring_disabled": "false",
                            "availability_domain": "TkFi:EU-FRANKFURT-1-AD-1",
                            "boot_volume_id": "ocid1.bootvolume.oc1.eu-frankfurt-1.abtheljtop5euq33ped2uih77qw4g5ktrxh4s2anl4npfoxekphuymwew6vq",
                            "compartment_id": "ocid1.compartment.oc1..aaaaaaaa3niof57fwig2wavxtnm5qfpg6qdixzmze5bewbdhi3yojp7dijxq",
                            "create_vnic_details.#": "1",
                            "create_vnic_details.0.assign_public_ip": "true",
                            "create_vnic_details.0.defined_tags.%": "0",
                            "create_vnic_details.0.display_name": "WordpressA",
                            "create_vnic_details.0.freeform_tags.%": "0",
                            "create_vnic_details.0.hostname_label": "",
                            "create_vnic_details.0.private_ip": "10.0.7.2",
                            "create_vnic_details.0.skip_source_dest_check": "false",
                            "create_vnic_details.0.subnet_id": "ocid1.subnet.oc1.eu-frankfurt-1.aaaaaaaadmokfuqznooaeb7phzradllfa54q4jfzgctx5frpwun7v22rh4kq",
                            "defined_tags.%": "1",
                            "defined_tags.BUCH_IaaS.PersonalLearning": "Dorin",
                            "display_name": "WordpressA",
                            "fault_domain": "FAULT-DOMAIN-1",
                            "freeform_tags.%": "0",
                            "hostname_label": "",
                            "id": "ocid1.instance.oc1.eu-frankfurt-1.abtheljt7xghnbqf5wxx2m2l5yupcsl7jf3krvgl3vjod6sczgqtvp5esiwa",
                            "image": "ocid1.image.oc1.eu-frankfurt-1.aaaaaaaaeivw2ah4xngsxmrqe72v2lolbygbes2dpmzmj4m53ndphomitdfa",
                            "launch_mode": "NATIVE",
                            "launch_options.#": "1",
                            "launch_options.0.boot_volume_type": "PARAVIRTUALIZED",
                            "launch_options.0.firmware": "UEFI_64",
                            "launch_options.0.is_consistent_volume_naming_enabled": "true",
                            "launch_options.0.is_pv_encryption_in_transit_enabled": "true",
                            "launch_options.0.network_type": "VFIO",
                            "launch_options.0.remote_data_volume_type": "PARAVIRTUALIZED",
                            "metadata.%": "2",
                            "metadata.ssh_authorized_keys": "ssh-rsa AAAAB3NzaC1yc2EAAAADAQABAAABAQDCSeHA/v8VzHMojgqZ+ijPW8B5Fc1cWTq4nAtyPWdvnF0t1FzFMktvNX53f5qQ9kQTxUF2AGG2S6BJTaf4gwSZ5Pl5W0vvsUYUfkhlEjigJHtwYqORxC7A+nN2wZ6rsY7S7LlsmblOKj6ZlWKWz0X6hxjpHhaW9/Je41p0+x785cIRkDmScC3YlXSn8NdsVfjxUQkTRSq7J0uJsP0ce3NO9sAXjTp35zowAzAf0J9Oxwz1tbNX/JUn9JDLN/uEEx2t6PlAI6/7jMptwzdQGF9ZyHKA9fVPWVAKLxy7WeQCSI4fJqSOJMhqi294rcnsRedoyc3gKe8Hj2Cd+GXoFMmv vagrant@localhost.localdomain",
                            "metadata.user_data": "IyEvYmluL2Jhc2ggLXgKZWNobyAnIyMjIyMjIyMjIyMjIyMjIyMjIyB3ZWJzZXJ2ZXIgdXNlcmRhdGEgYmVnaW5zICMjIyMjIyMjIyMjIyMjIyMjIyMjIycKdG91Y2ggfm9wYy91c2VyZGF0YS5gZGF0ZSArJXNgLnN0YXJ0CiMgZWNobyAnIyMjIyMjIyMjIyB5dW0gdXBkYXRlIGFsbCAjIyMjIyMjIyMjIyMjIyMnCiMgeXVtIHVwZGF0ZSAteQplY2hvICcjIyMjIyMjIyMjIGJhc2ljIHdlYnNlcnZlciAjIyMjIyMjIyMjIyMjIycKeXVtIGluc3RhbGwgLXkgaHR0cGQKc3lzdGVtY3RsIGVuYWJsZSAgaHR0cGQuc2VydmljZQpzeXN0ZW1jdGwgc3RhcnQgIGh0dHBkLnNlcnZpY2UKZWNobyAnPGh0bWw+PGhlYWQ+PC9oZWFkPjxib2R5PjxwcmU+PGNvZGU+JyA+IC92YXIvd3d3L2h0bWwvaW5kZXguaHRtbApob3N0bmFtZSA+PiAvdmFyL3d3dy9odG1sL2luZGV4Lmh0bWwKZWNobyAnJyA+PiAvdmFyL3d3dy9odG1sL2luZGV4Lmh0bWwKY2F0IC9ldGMvb3MtcmVsZWFzZSA+PiAvdmFyL3d3dy9odG1sL2luZGV4Lmh0bWwKZWNobyAnPC9jb2RlPjwvcHJlPjwvYm9keT48L2h0bWw+JyA+PiAvdmFyL3d3dy9odG1sL2luZGV4Lmh0bWwKZmlyZXdhbGwtb2ZmbGluZS1jbWQgLS1hZGQtc2VydmljZT1odHRwCnN5c3RlbWN0bCBlbmFibGUgIGZpcmV3YWxsZApzeXN0ZW1jdGwgcmVzdGFydCAgZmlyZXdhbGxkCnRvdWNoIH5vcGMvdXNlcmRhdGEuYGRhdGUgKyVzYC5maW5pc2gKZWNobyAnIyMjIyMjIyMjIyMjIyMjIyMjIyB3ZWJzZXJ2ZXIgdXNlcmRhdGEgZW5kcyAjIyMjIyMjIyMjIyMjIyMjIyMjIyMjIycK",
                            "private_ip": "10.0.7.2",
                            "public_ip": "130.61.51.136",
                            "region": "eu-frankfurt-1",
                            "shape": "VM.Standard2.1",
                            "source_details.#": "1",
                            "source_details.0.boot_volume_size_in_gbs": "47",
                            "source_details.0.kms_key_id": "",
                            "source_details.0.source_id": "ocid1.image.oc1.eu-frankfurt-1.aaaaaaaaeivw2ah4xngsxmrqe72v2lolbygbes2dpmzmj4m53ndphomitdfa",
                            "source_details.0.source_type": "image",
                            "state": "RUNNING",
                            "subnet_id": "ocid1.subnet.oc1.eu-frankfurt-1.aaaaaaaadmokfuqznooaeb7phzradllfa54q4jfzgctx5frpwun7v22rh4kq",
                            "time_created": "2019-03-06 07:44:12.989 +0000 UTC",
                            "time_maintenance_reboot_due": ""
                        },
                        "meta": {
                            "e2bfb730-ecaa-11e6-8f88-34363bc7c4c0": {
                                "create": 7200000000000,
                                "delete": 7200000000000,
                                "update": 7200000000000
                            }
                        },
                        "tainted": false
                    },
                    "deposed": [],
                    "provider": "provider.oci"
                },
                "oci_core_instance.WordpressB": {
                    "type": "oci_core_instance",
                    "depends_on": [
                        "data.oci_identity_availability_domains.ADs",
                        "oci_core_subnet.WBB2"
                    ],
                    "primary": {
                        "id": "ocid1.instance.oc1.eu-frankfurt-1.abtheljrocd534qiccd37snnzuhrr64tktshbbrxgvonj4clkgkvggmizfua",
                        "attributes": {
                            "agent_config.#": "1",
                            "agent_config.0.is_monitoring_disabled": "false",
                            "availability_domain": "TkFi:EU-FRANKFURT-1-AD-2",
                            "boot_volume_id": "ocid1.bootvolume.oc1.eu-frankfurt-1.abtheljrz2zd7jyu4zvs2opqfl4wrcr72z73yofotj3srpuftweedstobmga",
                            "compartment_id": "ocid1.compartment.oc1..aaaaaaaa3niof57fwig2wavxtnm5qfpg6qdixzmze5bewbdhi3yojp7dijxq",
                            "create_vnic_details.#": "1",
                            "create_vnic_details.0.assign_public_ip": "true",
                            "create_vnic_details.0.defined_tags.%": "0",
                            "create_vnic_details.0.display_name": "WordpressB",
                            "create_vnic_details.0.freeform_tags.%": "0",
                            "create_vnic_details.0.hostname_label": "",
                            "create_vnic_details.0.private_ip": "10.0.8.2",
                            "create_vnic_details.0.skip_source_dest_check": "false",
                            "create_vnic_details.0.subnet_id": "ocid1.subnet.oc1.eu-frankfurt-1.aaaaaaaa5rtpwx5gng6dgxqk566vngnbjp5pcggapzimccszl4cbsohwwa4a",
                            "defined_tags.%": "1",
                            "defined_tags.BUCH_IaaS.PersonalLearning": "Dorin",
                            "display_name": "WordpressB",
                            "fault_domain": "FAULT-DOMAIN-1",
                            "freeform_tags.%": "0",
                            "hostname_label": "",
                            "id": "ocid1.instance.oc1.eu-frankfurt-1.abtheljrocd534qiccd37snnzuhrr64tktshbbrxgvonj4clkgkvggmizfua",
                            "image": "ocid1.image.oc1.eu-frankfurt-1.aaaaaaaaeivw2ah4xngsxmrqe72v2lolbygbes2dpmzmj4m53ndphomitdfa",
                            "launch_mode": "NATIVE",
                            "launch_options.#": "1",
                            "launch_options.0.boot_volume_type": "PARAVIRTUALIZED",
                            "launch_options.0.firmware": "UEFI_64",
                            "launch_options.0.is_consistent_volume_naming_enabled": "true",
                            "launch_options.0.is_pv_encryption_in_transit_enabled": "true",
                            "launch_options.0.network_type": "VFIO",
                            "launch_options.0.remote_data_volume_type": "PARAVIRTUALIZED",
                            "metadata.%": "2",
                            "metadata.ssh_authorized_keys": "ssh-rsa AAAAB3NzaC1yc2EAAAADAQABAAABAQDCSeHA/v8VzHMojgqZ+ijPW8B5Fc1cWTq4nAtyPWdvnF0t1FzFMktvNX53f5qQ9kQTxUF2AGG2S6BJTaf4gwSZ5Pl5W0vvsUYUfkhlEjigJHtwYqORxC7A+nN2wZ6rsY7S7LlsmblOKj6ZlWKWz0X6hxjpHhaW9/Je41p0+x785cIRkDmScC3YlXSn8NdsVfjxUQkTRSq7J0uJsP0ce3NO9sAXjTp35zowAzAf0J9Oxwz1tbNX/JUn9JDLN/uEEx2t6PlAI6/7jMptwzdQGF9ZyHKA9fVPWVAKLxy7WeQCSI4fJqSOJMhqi294rcnsRedoyc3gKe8Hj2Cd+GXoFMmv vagrant@localhost.localdomain",
                            "metadata.user_data": "IyEvYmluL2Jhc2ggLXgKZWNobyAnIyMjIyMjIyMjIyMjIyMjIyMjIyB3ZWJzZXJ2ZXIgdXNlcmRhdGEgYmVnaW5zICMjIyMjIyMjIyMjIyMjIyMjIyMjIycKdG91Y2ggfm9wYy91c2VyZGF0YS5gZGF0ZSArJXNgLnN0YXJ0CiMgZWNobyAnIyMjIyMjIyMjIyB5dW0gdXBkYXRlIGFsbCAjIyMjIyMjIyMjIyMjIyMnCiMgeXVtIHVwZGF0ZSAteQplY2hvICcjIyMjIyMjIyMjIGJhc2ljIHdlYnNlcnZlciAjIyMjIyMjIyMjIyMjIycKeXVtIGluc3RhbGwgLXkgaHR0cGQKc3lzdGVtY3RsIGVuYWJsZSAgaHR0cGQuc2VydmljZQpzeXN0ZW1jdGwgc3RhcnQgIGh0dHBkLnNlcnZpY2UKZWNobyAnPGh0bWw+PGhlYWQ+PC9oZWFkPjxib2R5PjxwcmU+PGNvZGU+JyA+IC92YXIvd3d3L2h0bWwvaW5kZXguaHRtbApob3N0bmFtZSA+PiAvdmFyL3d3dy9odG1sL2luZGV4Lmh0bWwKZWNobyAnJyA+PiAvdmFyL3d3dy9odG1sL2luZGV4Lmh0bWwKY2F0IC9ldGMvb3MtcmVsZWFzZSA+PiAvdmFyL3d3dy9odG1sL2luZGV4Lmh0bWwKZWNobyAnPC9jb2RlPjwvcHJlPjwvYm9keT48L2h0bWw+JyA+PiAvdmFyL3d3dy9odG1sL2luZGV4Lmh0bWwKZmlyZXdhbGwtb2ZmbGluZS1jbWQgLS1hZGQtc2VydmljZT1odHRwCnN5c3RlbWN0bCBlbmFibGUgIGZpcmV3YWxsZApzeXN0ZW1jdGwgcmVzdGFydCAgZmlyZXdhbGxkCnRvdWNoIH5vcGMvdXNlcmRhdGEuYGRhdGUgKyVzYC5maW5pc2gKZWNobyAnIyMjIyMjIyMjIyMjIyMjIyMjIyB3ZWJzZXJ2ZXIgdXNlcmRhdGEgZW5kcyAjIyMjIyMjIyMjIyMjIyMjIyMjIyMjIycK",
                            "private_ip": "10.0.8.2",
                            "public_ip": "130.61.29.74",
                            "region": "eu-frankfurt-1",
                            "shape": "VM.Standard2.1",
                            "source_details.#": "1",
                            "source_details.0.boot_volume_size_in_gbs": "47",
                            "source_details.0.kms_key_id": "",
                            "source_details.0.source_id": "ocid1.image.oc1.eu-frankfurt-1.aaaaaaaaeivw2ah4xngsxmrqe72v2lolbygbes2dpmzmj4m53ndphomitdfa",
                            "source_details.0.source_type": "image",
                            "state": "RUNNING",
                            "subnet_id": "ocid1.subnet.oc1.eu-frankfurt-1.aaaaaaaa5rtpwx5gng6dgxqk566vngnbjp5pcggapzimccszl4cbsohwwa4a",
                            "time_created": "2019-03-06 07:44:13.527 +0000 UTC",
                            "time_maintenance_reboot_due": ""
                        },
                        "meta": {
                            "e2bfb730-ecaa-11e6-8f88-34363bc7c4c0": {
                                "create": 7200000000000,
                                "delete": 7200000000000,
                                "update": 7200000000000
                            }
                        },
                        "tainted": false
                    },
                    "deposed": [],
                    "provider": "provider.oci"
                },
                "oci_core_internet_gateway.IG1": {
                    "type": "oci_core_internet_gateway",
                    "depends_on": [
                        "oci_core_virtual_network.dorinVCN"
                    ],
                    "primary": {
                        "id": "ocid1.internetgateway.oc1.eu-frankfurt-1.aaaaaaaacd4umye2zxokvo72w45b6yw4nhetl3yunyez5hbq2tounw3zf4ua",
                        "attributes": {
                            "compartment_id": "ocid1.compartment.oc1..aaaaaaaa3niof57fwig2wavxtnm5qfpg6qdixzmze5bewbdhi3yojp7dijxq",
                            "defined_tags.%": "1",
                            "defined_tags.BUCH_IaaS.PersonalLearning": "Dorin",
                            "display_name": "InternetGateway1",
                            "enabled": "true",
                            "freeform_tags.%": "0",
                            "id": "ocid1.internetgateway.oc1.eu-frankfurt-1.aaaaaaaacd4umye2zxokvo72w45b6yw4nhetl3yunyez5hbq2tounw3zf4ua",
                            "state": "AVAILABLE",
                            "time_created": "2019-03-06 07:44:11.048 +0000 UTC",
                            "vcn_id": "ocid1.vcn.oc1.eu-frankfurt-1.aaaaaaaa7p34g2embtynmh6rou63xnkjyy4pivzeaepg6ifspikqx7l3livq"
                        },
                        "meta": {
                            "e2bfb730-ecaa-11e6-8f88-34363bc7c4c0": {
                                "create": 900000000000,
                                "delete": 900000000000,
                                "update": 900000000000
                            }
                        },
                        "tainted": false
                    },
                    "deposed": [],
                    "provider": "provider.oci"
                },
                "oci_core_route_table.RouteFordorinVCN": {
                    "type": "oci_core_route_table",
                    "depends_on": [
                        "oci_core_internet_gateway.IG1",
                        "oci_core_virtual_network.dorinVCN"
                    ],
                    "primary": {
                        "id": "ocid1.routetable.oc1.eu-frankfurt-1.aaaaaaaaunlmfjv5ozkc6p6infvkwviyfp2r5lyjd6w4tlxwymui5nygd4sa",
                        "attributes": {
                            "compartment_id": "ocid1.compartment.oc1..aaaaaaaa3niof57fwig2wavxtnm5qfpg6qdixzmze5bewbdhi3yojp7dijxq",
                            "defined_tags.%": "1",
                            "defined_tags.BUCH_IaaS.PersonalLearning": "Dorin",
                            "display_name": "RouteForDorinVCN",
                            "freeform_tags.%": "0",
                            "id": "ocid1.routetable.oc1.eu-frankfurt-1.aaaaaaaaunlmfjv5ozkc6p6infvkwviyfp2r5lyjd6w4tlxwymui5nygd4sa",
                            "route_rules.#": "1",
                            "route_rules.595205960.cidr_block": "0.0.0.0/0",
                            "route_rules.595205960.destination": "0.0.0.0/0",
                            "route_rules.595205960.destination_type": "CIDR_BLOCK",
                            "route_rules.595205960.network_entity_id": "ocid1.internetgateway.oc1.eu-frankfurt-1.aaaaaaaacd4umye2zxokvo72w45b6yw4nhetl3yunyez5hbq2tounw3zf4ua",
                            "state": "AVAILABLE",
                            "time_created": "2019-03-06 07:44:11.326 +0000 UTC",
                            "vcn_id": "ocid1.vcn.oc1.eu-frankfurt-1.aaaaaaaa7p34g2embtynmh6rou63xnkjyy4pivzeaepg6ifspikqx7l3livq"
                        },
                        "meta": {
                            "e2bfb730-ecaa-11e6-8f88-34363bc7c4c0": {
                                "create": 900000000000,
                                "delete": 900000000000,
                                "update": 900000000000
                            }
                        },
                        "tainted": false
                    },
                    "deposed": [],
                    "provider": "provider.oci"
                },
                "oci_core_security_list.LB_SecList": {
                    "type": "oci_core_security_list",
                    "depends_on": [
                        "oci_core_virtual_network.dorinVCN"
                    ],
                    "primary": {
                        "id": "ocid1.securitylist.oc1.eu-frankfurt-1.aaaaaaaad2dwxlaa5e6rllkb7yyatz2mv7cpn7dtobn7s32qpfewe3cxo6qq",
                        "attributes": {
                            "compartment_id": "ocid1.compartment.oc1..aaaaaaaa3niof57fwig2wavxtnm5qfpg6qdixzmze5bewbdhi3yojp7dijxq",
                            "defined_tags.%": "1",
                            "defined_tags.BUCH_IaaS.PersonalLearning": "Dorin",
                            "display_name": "LB_Seclist",
                            "egress_security_rules.#": "1",
                            "egress_security_rules.2163812530.destination": "10.0.0.0/16",
                            "egress_security_rules.2163812530.destination_type": "CIDR_BLOCK",
                            "egress_security_rules.2163812530.icmp_options.#": "0",
                            "egress_security_rules.2163812530.protocol": "6",
                            "egress_security_rules.2163812530.stateless": "false",
                            "egress_security_rules.2163812530.tcp_options.#": "1",
                            "egress_security_rules.2163812530.tcp_options.0.max": "80",
                            "egress_security_rules.2163812530.tcp_options.0.min": "80",
                            "egress_security_rules.2163812530.tcp_options.0.source_port_range.#": "0",
                            "egress_security_rules.2163812530.udp_options.#": "0",
                            "freeform_tags.%": "0",
                            "id": "ocid1.securitylist.oc1.eu-frankfurt-1.aaaaaaaad2dwxlaa5e6rllkb7yyatz2mv7cpn7dtobn7s32qpfewe3cxo6qq",
                            "ingress_security_rules.#": "2",
                            "ingress_security_rules.2083665413.icmp_options.#": "0",
                            "ingress_security_rules.2083665413.protocol": "all",
                            "ingress_security_rules.2083665413.source": "10.0.0.0/16",
                            "ingress_security_rules.2083665413.source_type": "CIDR_BLOCK",
                            "ingress_security_rules.2083665413.stateless": "false",
                            "ingress_security_rules.2083665413.tcp_options.#": "0",
                            "ingress_security_rules.2083665413.udp_options.#": "0",
                            "ingress_security_rules.3861548008.icmp_options.#": "0",
                            "ingress_security_rules.3861548008.protocol": "6",
                            "ingress_security_rules.3861548008.source": "0.0.0.0/0",
                            "ingress_security_rules.3861548008.source_type": "CIDR_BLOCK",
                            "ingress_security_rules.3861548008.stateless": "false",
                            "ingress_security_rules.3861548008.tcp_options.#": "1",
                            "ingress_security_rules.3861548008.tcp_options.0.max": "80",
                            "ingress_security_rules.3861548008.tcp_options.0.min": "80",
                            "ingress_security_rules.3861548008.tcp_options.0.source_port_range.#": "0",
                            "ingress_security_rules.3861548008.udp_options.#": "0",
                            "state": "AVAILABLE",
                            "time_created": "2019-03-06 07:44:11.046 +0000 UTC",
                            "vcn_id": "ocid1.vcn.oc1.eu-frankfurt-1.aaaaaaaa7p34g2embtynmh6rou63xnkjyy4pivzeaepg6ifspikqx7l3livq"
                        },
                        "meta": {
                            "e2bfb730-ecaa-11e6-8f88-34363bc7c4c0": {
                                "create": 900000000000,
                                "delete": 900000000000,
                                "update": 900000000000
                            }
                        },
                        "tainted": false
                    },
                    "deposed": [],
                    "provider": "provider.oci"
                },
                "oci_core_security_list.WEB_SecList": {
                    "type": "oci_core_security_list",
                    "depends_on": [
                        "oci_core_virtual_network.dorinVCN"
                    ],
                    "primary": {
                        "id": "ocid1.securitylist.oc1.eu-frankfurt-1.aaaaaaaa3avahm3qhvd4mtv5u7226uc4uuy3hnjgpi3cdoanmstpqocnid7a",
                        "attributes": {
                            "compartment_id": "ocid1.compartment.oc1..aaaaaaaa3niof57fwig2wavxtnm5qfpg6qdixzmze5bewbdhi3yojp7dijxq",
                            "defined_tags.%": "1",
                            "defined_tags.BUCH_IaaS.PersonalLearning": "Dorin",
                            "display_name": "WEB_Seclist",
                            "egress_security_rules.#": "1",
                            "egress_security_rules.1420396200.destination": "0.0.0.0/0",
                            "egress_security_rules.1420396200.destination_type": "CIDR_BLOCK",
                            "egress_security_rules.1420396200.icmp_options.#": "0",
                            "egress_security_rules.1420396200.protocol": "6",
                            "egress_security_rules.1420396200.stateless": "false",
                            "egress_security_rules.1420396200.tcp_options.#": "0",
                            "egress_security_rules.1420396200.udp_options.#": "0",
                            "freeform_tags.%": "0",
                            "id": "ocid1.securitylist.oc1.eu-frankfurt-1.aaaaaaaa3avahm3qhvd4mtv5u7226uc4uuy3hnjgpi3cdoanmstpqocnid7a",
                            "ingress_security_rules.#": "3",
                            "ingress_security_rules.1824086535.icmp_options.#": "0",
                            "ingress_security_rules.1824086535.protocol": "6",
                            "ingress_security_rules.1824086535.source": "10.0.0.0/16",
                            "ingress_security_rules.1824086535.source_type": "CIDR_BLOCK",
                            "ingress_security_rules.1824086535.stateless": "false",
                            "ingress_security_rules.1824086535.tcp_options.#": "1",
                            "ingress_security_rules.1824086535.tcp_options.0.max": "80",
                            "ingress_security_rules.1824086535.tcp_options.0.min": "80",
                            "ingress_security_rules.1824086535.tcp_options.0.source_port_range.#": "0",
                            "ingress_security_rules.1824086535.udp_options.#": "0",
                            "ingress_security_rules.3057867092.icmp_options.#": "0",
                            "ingress_security_rules.3057867092.protocol": "6",
                            "ingress_security_rules.3057867092.source": "10.0.0.0/16",
                            "ingress_security_rules.3057867092.source_type": "CIDR_BLOCK",
                            "ingress_security_rules.3057867092.stateless": "false",
                            "ingress_security_rules.3057867092.tcp_options.#": "0",
                            "ingress_security_rules.3057867092.udp_options.#": "0",
                            "ingress_security_rules.47193274.icmp_options.#": "0",
                            "ingress_security_rules.47193274.protocol": "6",
                            "ingress_security_rules.47193274.source": "0.0.0.0/0",
                            "ingress_security_rules.47193274.source_type": "CIDR_BLOCK",
                            "ingress_security_rules.47193274.stateless": "false",
                            "ingress_security_rules.47193274.tcp_options.#": "1",
                            "ingress_security_rules.47193274.tcp_options.0.max": "22",
                            "ingress_security_rules.47193274.tcp_options.0.min": "22",
                            "ingress_security_rules.47193274.tcp_options.0.source_port_range.#": "0",
                            "ingress_security_rules.47193274.udp_options.#": "0",
                            "state": "AVAILABLE",
                            "time_created": "2019-03-06 07:44:10.92 +0000 UTC",
                            "vcn_id": "ocid1.vcn.oc1.eu-frankfurt-1.aaaaaaaa7p34g2embtynmh6rou63xnkjyy4pivzeaepg6ifspikqx7l3livq"
                        },
                        "meta": {
                            "e2bfb730-ecaa-11e6-8f88-34363bc7c4c0": {
                                "create": 900000000000,
                                "delete": 900000000000,
                                "update": 900000000000
                            }
                        },
                        "tainted": false
                    },
                    "deposed": [],
                    "provider": "provider.oci"
                },
                "oci_core_subnet.DBsubnet": {
                    "type": "oci_core_subnet",
                    "depends_on": [
                        "data.oci_identity_availability_domains.ADs",
                        "oci_core_route_table.RouteFordorinVCN",
                        "oci_core_security_list.LB_SecList",
                        "oci_core_virtual_network.dorinVCN"
                    ],
                    "primary": {
                        "id": "ocid1.subnet.oc1.eu-frankfurt-1.aaaaaaaaps72c3nyaajrmst6dsy2d5cegogcfwwvyrotruh3dzwijo3e2p4a",
                        "attributes": {
                            "availability_domain": "TkFi:EU-FRANKFURT-1-AD-2",
                            "cidr_block": "10.0.9.0/24",
                            "compartment_id": "ocid1.compartment.oc1..aaaaaaaa3niof57fwig2wavxtnm5qfpg6qdixzmze5bewbdhi3yojp7dijxq",
                            "defined_tags.%": "1",
                            "defined_tags.BUCH_IaaS.PersonalLearning": "Dorin",
                            "dhcp_options_id": "ocid1.dhcpoptions.oc1.eu-frankfurt-1.aaaaaaaarafdwcyawjzq4dwjls4ndqilmexeclyhhyi4fbetr5uf5qhp6u5a",
                            "display_name": "DBsubnet",
                            "dns_label": "dbexample",
                            "freeform_tags.%": "0",
                            "id": "ocid1.subnet.oc1.eu-frankfurt-1.aaaaaaaaps72c3nyaajrmst6dsy2d5cegogcfwwvyrotruh3dzwijo3e2p4a",
                            "prohibit_public_ip_on_vnic": "false",
                            "route_table_id": "ocid1.routetable.oc1.eu-frankfurt-1.aaaaaaaaunlmfjv5ozkc6p6infvkwviyfp2r5lyjd6w4tlxwymui5nygd4sa",
                            "security_list_ids.#": "1",
                            "security_list_ids.4169710886": "ocid1.securitylist.oc1.eu-frankfurt-1.aaaaaaaad2dwxlaa5e6rllkb7yyatz2mv7cpn7dtobn7s32qpfewe3cxo6qq",
                            "state": "AVAILABLE",
                            "subnet_domain_name": "dbexample.dbexample.oraclevcn.com",
                            "time_created": "2019-03-06 07:44:12.276 +0000 UTC",
                            "vcn_id": "ocid1.vcn.oc1.eu-frankfurt-1.aaaaaaaa7p34g2embtynmh6rou63xnkjyy4pivzeaepg6ifspikqx7l3livq",
                            "virtual_router_ip": "10.0.9.1",
                            "virtual_router_mac": "00:00:17:F2:B4:AF"
                        },
                        "meta": {
                            "e2bfb730-ecaa-11e6-8f88-34363bc7c4c0": {
                                "create": 900000000000,
                                "delete": 900000000000,
                                "update": 900000000000
                            }
                        },
                        "tainted": false
                    },
                    "deposed": [],
                    "provider": "provider.oci"
                },
                "oci_core_subnet.LBA": {
                    "type": "oci_core_subnet",
                    "depends_on": [
                        "data.oci_identity_availability_domains.ADs",
                        "oci_core_route_table.RouteFordorinVCN",
                        "oci_core_security_list.LB_SecList",
                        "oci_core_virtual_network.dorinVCN"
                    ],
                    "primary": {
                        "id": "ocid1.subnet.oc1.eu-frankfurt-1.aaaaaaaa7dk5ilyixm32ob5cqd5cheo2auh5rb56vl4uqtoaqronnzgtylsq",
                        "attributes": {
                            "availability_domain": "TkFi:EU-FRANKFURT-1-AD-1",
                            "cidr_block": "10.0.0.0/24",
                            "compartment_id": "ocid1.compartment.oc1..aaaaaaaa3niof57fwig2wavxtnm5qfpg6qdixzmze5bewbdhi3yojp7dijxq",
                            "defined_tags.%": "1",
                            "defined_tags.BUCH_IaaS.PersonalLearning": "Dorin",
                            "dhcp_options_id": "ocid1.dhcpoptions.oc1.eu-frankfurt-1.aaaaaaaarafdwcyawjzq4dwjls4ndqilmexeclyhhyi4fbetr5uf5qhp6u5a",
                            "display_name": "LBA",
                            "freeform_tags.%": "0",
                            "id": "ocid1.subnet.oc1.eu-frankfurt-1.aaaaaaaa7dk5ilyixm32ob5cqd5cheo2auh5rb56vl4uqtoaqronnzgtylsq",
                            "prohibit_public_ip_on_vnic": "false",
                            "route_table_id": "ocid1.routetable.oc1.eu-frankfurt-1.aaaaaaaaunlmfjv5ozkc6p6infvkwviyfp2r5lyjd6w4tlxwymui5nygd4sa",
                            "security_list_ids.#": "1",
                            "security_list_ids.4169710886": "ocid1.securitylist.oc1.eu-frankfurt-1.aaaaaaaad2dwxlaa5e6rllkb7yyatz2mv7cpn7dtobn7s32qpfewe3cxo6qq",
                            "state": "AVAILABLE",
                            "time_created": "2019-03-06 07:44:12.223 +0000 UTC",
                            "vcn_id": "ocid1.vcn.oc1.eu-frankfurt-1.aaaaaaaa7p34g2embtynmh6rou63xnkjyy4pivzeaepg6ifspikqx7l3livq",
                            "virtual_router_ip": "10.0.0.1",
                            "virtual_router_mac": "00:00:17:F2:B4:AF"
                        },
                        "meta": {
                            "e2bfb730-ecaa-11e6-8f88-34363bc7c4c0": {
                                "create": 900000000000,
                                "delete": 900000000000,
                                "update": 900000000000
                            }
                        },
                        "tainted": false
                    },
                    "deposed": [],
                    "provider": "provider.oci"
                },
                "oci_core_subnet.LBA2": {
                    "type": "oci_core_subnet",
                    "depends_on": [
                        "data.oci_identity_availability_domains.ADs",
                        "oci_core_route_table.RouteFordorinVCN",
                        "oci_core_security_list.LB_SecList",
                        "oci_core_virtual_network.dorinVCN"
                    ],
                    "primary": {
                        "id": "ocid1.subnet.oc1.eu-frankfurt-1.aaaaaaaapqewcsmpijvym7hunfncylgl3ieyjvs3bwigsmmwr4im2jhgwlfa",
                        "attributes": {
                            "availability_domain": "TkFi:EU-FRANKFURT-1-AD-1",
                            "cidr_block": "10.0.5.0/24",
                            "compartment_id": "ocid1.compartment.oc1..aaaaaaaa3niof57fwig2wavxtnm5qfpg6qdixzmze5bewbdhi3yojp7dijxq",
                            "defined_tags.%": "1",
                            "defined_tags.BUCH_IaaS.PersonalLearning": "Dorin",
                            "dhcp_options_id": "ocid1.dhcpoptions.oc1.eu-frankfurt-1.aaaaaaaarafdwcyawjzq4dwjls4ndqilmexeclyhhyi4fbetr5uf5qhp6u5a",
                            "display_name": "LBA2",
                            "freeform_tags.%": "0",
                            "id": "ocid1.subnet.oc1.eu-frankfurt-1.aaaaaaaapqewcsmpijvym7hunfncylgl3ieyjvs3bwigsmmwr4im2jhgwlfa",
                            "prohibit_public_ip_on_vnic": "false",
                            "route_table_id": "ocid1.routetable.oc1.eu-frankfurt-1.aaaaaaaaunlmfjv5ozkc6p6infvkwviyfp2r5lyjd6w4tlxwymui5nygd4sa",
                            "security_list_ids.#": "1",
                            "security_list_ids.4169710886": "ocid1.securitylist.oc1.eu-frankfurt-1.aaaaaaaad2dwxlaa5e6rllkb7yyatz2mv7cpn7dtobn7s32qpfewe3cxo6qq",
                            "state": "AVAILABLE",
                            "time_created": "2019-03-06 07:44:11.884 +0000 UTC",
                            "vcn_id": "ocid1.vcn.oc1.eu-frankfurt-1.aaaaaaaa7p34g2embtynmh6rou63xnkjyy4pivzeaepg6ifspikqx7l3livq",
                            "virtual_router_ip": "10.0.5.1",
                            "virtual_router_mac": "00:00:17:F2:B4:AF"
                        },
                        "meta": {
                            "e2bfb730-ecaa-11e6-8f88-34363bc7c4c0": {
                                "create": 900000000000,
                                "delete": 900000000000,
                                "update": 900000000000
                            }
                        },
                        "tainted": false
                    },
                    "deposed": [],
                    "provider": "provider.oci"
                },
                "oci_core_subnet.LBB": {
                    "type": "oci_core_subnet",
                    "depends_on": [
                        "data.oci_identity_availability_domains.ADs",
                        "oci_core_route_table.RouteFordorinVCN",
                        "oci_core_security_list.LB_SecList",
                        "oci_core_virtual_network.dorinVCN"
                    ],
                    "primary": {
                        "id": "ocid1.subnet.oc1.eu-frankfurt-1.aaaaaaaakbbzkmu2xrhzfc3emnoyoosdilprwl4omzlnjvqh5c3w42pvs7dq",
                        "attributes": {
                            "availability_domain": "TkFi:EU-FRANKFURT-1-AD-2",
                            "cidr_block": "10.0.1.0/24",
                            "compartment_id": "ocid1.compartment.oc1..aaaaaaaa3niof57fwig2wavxtnm5qfpg6qdixzmze5bewbdhi3yojp7dijxq",
                            "defined_tags.%": "1",
                            "defined_tags.BUCH_IaaS.PersonalLearning": "Dorin",
                            "dhcp_options_id": "ocid1.dhcpoptions.oc1.eu-frankfurt-1.aaaaaaaarafdwcyawjzq4dwjls4ndqilmexeclyhhyi4fbetr5uf5qhp6u5a",
                            "display_name": "LBB",
                            "freeform_tags.%": "0",
                            "id": "ocid1.subnet.oc1.eu-frankfurt-1.aaaaaaaakbbzkmu2xrhzfc3emnoyoosdilprwl4omzlnjvqh5c3w42pvs7dq",
                            "prohibit_public_ip_on_vnic": "false",
                            "route_table_id": "ocid1.routetable.oc1.eu-frankfurt-1.aaaaaaaaunlmfjv5ozkc6p6infvkwviyfp2r5lyjd6w4tlxwymui5nygd4sa",
                            "security_list_ids.#": "1",
                            "security_list_ids.4169710886": "ocid1.securitylist.oc1.eu-frankfurt-1.aaaaaaaad2dwxlaa5e6rllkb7yyatz2mv7cpn7dtobn7s32qpfewe3cxo6qq",
                            "state": "AVAILABLE",
                            "time_created": "2019-03-06 07:44:12.346 +0000 UTC",
                            "vcn_id": "ocid1.vcn.oc1.eu-frankfurt-1.aaaaaaaa7p34g2embtynmh6rou63xnkjyy4pivzeaepg6ifspikqx7l3livq",
                            "virtual_router_ip": "10.0.1.1",
                            "virtual_router_mac": "00:00:17:F2:B4:AF"
                        },
                        "meta": {
                            "e2bfb730-ecaa-11e6-8f88-34363bc7c4c0": {
                                "create": 900000000000,
                                "delete": 900000000000,
                                "update": 900000000000
                            }
                        },
                        "tainted": false
                    },
                    "deposed": [],
                    "provider": "provider.oci"
                },
                "oci_core_subnet.LBB2": {
                    "type": "oci_core_subnet",
                    "depends_on": [
                        "data.oci_identity_availability_domains.ADs",
                        "oci_core_route_table.RouteFordorinVCN",
                        "oci_core_security_list.LB_SecList",
                        "oci_core_virtual_network.dorinVCN"
                    ],
                    "primary": {
                        "id": "ocid1.subnet.oc1.eu-frankfurt-1.aaaaaaaaootgnwpm42lxd2yuzzfe3fuvvw6doxj7n7gkbgckmj23twevi3ka",
                        "attributes": {
                            "availability_domain": "TkFi:EU-FRANKFURT-1-AD-2",
                            "cidr_block": "10.0.6.0/24",
                            "compartment_id": "ocid1.compartment.oc1..aaaaaaaa3niof57fwig2wavxtnm5qfpg6qdixzmze5bewbdhi3yojp7dijxq",
                            "defined_tags.%": "1",
                            "defined_tags.BUCH_IaaS.PersonalLearning": "Dorin",
                            "dhcp_options_id": "ocid1.dhcpoptions.oc1.eu-frankfurt-1.aaaaaaaarafdwcyawjzq4dwjls4ndqilmexeclyhhyi4fbetr5uf5qhp6u5a",
                            "display_name": "LBB2",
                            "freeform_tags.%": "0",
                            "id": "ocid1.subnet.oc1.eu-frankfurt-1.aaaaaaaaootgnwpm42lxd2yuzzfe3fuvvw6doxj7n7gkbgckmj23twevi3ka",
                            "prohibit_public_ip_on_vnic": "false",
                            "route_table_id": "ocid1.routetable.oc1.eu-frankfurt-1.aaaaaaaaunlmfjv5ozkc6p6infvkwviyfp2r5lyjd6w4tlxwymui5nygd4sa",
                            "security_list_ids.#": "1",
                            "security_list_ids.4169710886": "ocid1.securitylist.oc1.eu-frankfurt-1.aaaaaaaad2dwxlaa5e6rllkb7yyatz2mv7cpn7dtobn7s32qpfewe3cxo6qq",
                            "state": "AVAILABLE",
                            "time_created": "2019-03-06 07:44:12.4 +0000 UTC",
                            "vcn_id": "ocid1.vcn.oc1.eu-frankfurt-1.aaaaaaaa7p34g2embtynmh6rou63xnkjyy4pivzeaepg6ifspikqx7l3livq",
                            "virtual_router_ip": "10.0.6.1",
                            "virtual_router_mac": "00:00:17:F2:B4:AF"
                        },
                        "meta": {
                            "e2bfb730-ecaa-11e6-8f88-34363bc7c4c0": {
                                "create": 900000000000,
                                "delete": 900000000000,
                                "update": 900000000000
                            }
                        },
                        "tainted": false
                    },
                    "deposed": [],
                    "provider": "provider.oci"
                },
                "oci_core_subnet.WBA": {
                    "type": "oci_core_subnet",
                    "depends_on": [
                        "data.oci_identity_availability_domains.ADs",
                        "oci_core_route_table.RouteFordorinVCN",
                        "oci_core_security_list.WEB_SecList",
                        "oci_core_virtual_network.dorinVCN"
                    ],
                    "primary": {
                        "id": "ocid1.subnet.oc1.eu-frankfurt-1.aaaaaaaarip3mm5ctec4op26dqwmpdb7e73a77f3s5te7lzbfyqt5xqli5uq",
                        "attributes": {
                            "availability_domain": "TkFi:EU-FRANKFURT-1-AD-1",
                            "cidr_block": "10.0.2.0/24",
                            "compartment_id": "ocid1.compartment.oc1..aaaaaaaa3niof57fwig2wavxtnm5qfpg6qdixzmze5bewbdhi3yojp7dijxq",
                            "defined_tags.%": "1",
                            "defined_tags.BUCH_IaaS.PersonalLearning": "Dorin",
                            "dhcp_options_id": "ocid1.dhcpoptions.oc1.eu-frankfurt-1.aaaaaaaarafdwcyawjzq4dwjls4ndqilmexeclyhhyi4fbetr5uf5qhp6u5a",
                            "display_name": "WBA",
                            "freeform_tags.%": "0",
                            "id": "ocid1.subnet.oc1.eu-frankfurt-1.aaaaaaaarip3mm5ctec4op26dqwmpdb7e73a77f3s5te7lzbfyqt5xqli5uq",
                            "prohibit_public_ip_on_vnic": "false",
                            "route_table_id": "ocid1.routetable.oc1.eu-frankfurt-1.aaaaaaaaunlmfjv5ozkc6p6infvkwviyfp2r5lyjd6w4tlxwymui5nygd4sa",
                            "security_list_ids.#": "1",
                            "security_list_ids.2994657201": "ocid1.securitylist.oc1.eu-frankfurt-1.aaaaaaaa3avahm3qhvd4mtv5u7226uc4uuy3hnjgpi3cdoanmstpqocnid7a",
                            "state": "AVAILABLE",
                            "time_created": "2019-03-06 07:44:11.698 +0000 UTC",
                            "vcn_id": "ocid1.vcn.oc1.eu-frankfurt-1.aaaaaaaa7p34g2embtynmh6rou63xnkjyy4pivzeaepg6ifspikqx7l3livq",
                            "virtual_router_ip": "10.0.2.1",
                            "virtual_router_mac": "00:00:17:F2:B4:AF"
                        },
                        "meta": {
                            "e2bfb730-ecaa-11e6-8f88-34363bc7c4c0": {
                                "create": 900000000000,
                                "delete": 900000000000,
                                "update": 900000000000
                            }
                        },
                        "tainted": false
                    },
                    "deposed": [],
                    "provider": "provider.oci"
                },
                "oci_core_subnet.WBA2": {
                    "type": "oci_core_subnet",
                    "depends_on": [
                        "data.oci_identity_availability_domains.ADs",
                        "oci_core_route_table.RouteFordorinVCN",
                        "oci_core_security_list.WEB_SecList",
                        "oci_core_virtual_network.dorinVCN"
                    ],
                    "primary": {
                        "id": "ocid1.subnet.oc1.eu-frankfurt-1.aaaaaaaadmokfuqznooaeb7phzradllfa54q4jfzgctx5frpwun7v22rh4kq",
                        "attributes": {
                            "availability_domain": "TkFi:EU-FRANKFURT-1-AD-1",
                            "cidr_block": "10.0.7.0/24",
                            "compartment_id": "ocid1.compartment.oc1..aaaaaaaa3niof57fwig2wavxtnm5qfpg6qdixzmze5bewbdhi3yojp7dijxq",
                            "defined_tags.%": "1",
                            "defined_tags.BUCH_IaaS.PersonalLearning": "Dorin",
                            "dhcp_options_id": "ocid1.dhcpoptions.oc1.eu-frankfurt-1.aaaaaaaarafdwcyawjzq4dwjls4ndqilmexeclyhhyi4fbetr5uf5qhp6u5a",
                            "display_name": "WBA2",
                            "freeform_tags.%": "0",
                            "id": "ocid1.subnet.oc1.eu-frankfurt-1.aaaaaaaadmokfuqznooaeb7phzradllfa54q4jfzgctx5frpwun7v22rh4kq",
                            "prohibit_public_ip_on_vnic": "false",
                            "route_table_id": "ocid1.routetable.oc1.eu-frankfurt-1.aaaaaaaaunlmfjv5ozkc6p6infvkwviyfp2r5lyjd6w4tlxwymui5nygd4sa",
                            "security_list_ids.#": "1",
                            "security_list_ids.2994657201": "ocid1.securitylist.oc1.eu-frankfurt-1.aaaaaaaa3avahm3qhvd4mtv5u7226uc4uuy3hnjgpi3cdoanmstpqocnid7a",
                            "state": "AVAILABLE",
                            "time_created": "2019-03-06 07:44:12.168 +0000 UTC",
                            "vcn_id": "ocid1.vcn.oc1.eu-frankfurt-1.aaaaaaaa7p34g2embtynmh6rou63xnkjyy4pivzeaepg6ifspikqx7l3livq",
                            "virtual_router_ip": "10.0.7.1",
                            "virtual_router_mac": "00:00:17:F2:B4:AF"
                        },
                        "meta": {
                            "e2bfb730-ecaa-11e6-8f88-34363bc7c4c0": {
                                "create": 900000000000,
                                "delete": 900000000000,
                                "update": 900000000000
                            }
                        },
                        "tainted": false
                    },
                    "deposed": [],
                    "provider": "provider.oci"
                },
                "oci_core_subnet.WBB": {
                    "type": "oci_core_subnet",
                    "depends_on": [
                        "data.oci_identity_availability_domains.ADs",
                        "oci_core_route_table.RouteFordorinVCN",
                        "oci_core_security_list.WEB_SecList",
                        "oci_core_virtual_network.dorinVCN"
                    ],
                    "primary": {
                        "id": "ocid1.subnet.oc1.eu-frankfurt-1.aaaaaaaaa4ncio7gw6ezu7o2jso3ffycihpxqjzpupjauz2jhfvwimcsi4aa",
                        "attributes": {
                            "availability_domain": "TkFi:EU-FRANKFURT-1-AD-2",
                            "cidr_block": "10.0.3.0/24",
                            "compartment_id": "ocid1.compartment.oc1..aaaaaaaa3niof57fwig2wavxtnm5qfpg6qdixzmze5bewbdhi3yojp7dijxq",
                            "defined_tags.%": "1",
                            "defined_tags.BUCH_IaaS.PersonalLearning": "Dorin",
                            "dhcp_options_id": "ocid1.dhcpoptions.oc1.eu-frankfurt-1.aaaaaaaarafdwcyawjzq4dwjls4ndqilmexeclyhhyi4fbetr5uf5qhp6u5a",
                            "display_name": "WBB",
                            "freeform_tags.%": "0",
                            "id": "ocid1.subnet.oc1.eu-frankfurt-1.aaaaaaaaa4ncio7gw6ezu7o2jso3ffycihpxqjzpupjauz2jhfvwimcsi4aa",
                            "prohibit_public_ip_on_vnic": "false",
                            "route_table_id": "ocid1.routetable.oc1.eu-frankfurt-1.aaaaaaaaunlmfjv5ozkc6p6infvkwviyfp2r5lyjd6w4tlxwymui5nygd4sa",
                            "security_list_ids.#": "1",
                            "security_list_ids.2994657201": "ocid1.securitylist.oc1.eu-frankfurt-1.aaaaaaaa3avahm3qhvd4mtv5u7226uc4uuy3hnjgpi3cdoanmstpqocnid7a",
                            "state": "AVAILABLE",
                            "time_created": "2019-03-06 07:44:12.457 +0000 UTC",
                            "vcn_id": "ocid1.vcn.oc1.eu-frankfurt-1.aaaaaaaa7p34g2embtynmh6rou63xnkjyy4pivzeaepg6ifspikqx7l3livq",
                            "virtual_router_ip": "10.0.3.1",
                            "virtual_router_mac": "00:00:17:F2:B4:AF"
                        },
                        "meta": {
                            "e2bfb730-ecaa-11e6-8f88-34363bc7c4c0": {
                                "create": 900000000000,
                                "delete": 900000000000,
                                "update": 900000000000
                            }
                        },
                        "tainted": false
                    },
                    "deposed": [],
                    "provider": "provider.oci"
                },
                "oci_core_subnet.WBB2": {
                    "type": "oci_core_subnet",
                    "depends_on": [
                        "data.oci_identity_availability_domains.ADs",
                        "oci_core_route_table.RouteFordorinVCN",
                        "oci_core_security_list.WEB_SecList",
                        "oci_core_virtual_network.dorinVCN"
                    ],
                    "primary": {
                        "id": "ocid1.subnet.oc1.eu-frankfurt-1.aaaaaaaa5rtpwx5gng6dgxqk566vngnbjp5pcggapzimccszl4cbsohwwa4a",
                        "attributes": {
                            "availability_domain": "TkFi:EU-FRANKFURT-1-AD-2",
                            "cidr_block": "10.0.8.0/24",
                            "compartment_id": "ocid1.compartment.oc1..aaaaaaaa3niof57fwig2wavxtnm5qfpg6qdixzmze5bewbdhi3yojp7dijxq",
                            "defined_tags.%": "1",
                            "defined_tags.BUCH_IaaS.PersonalLearning": "Dorin",
                            "dhcp_options_id": "ocid1.dhcpoptions.oc1.eu-frankfurt-1.aaaaaaaarafdwcyawjzq4dwjls4ndqilmexeclyhhyi4fbetr5uf5qhp6u5a",
                            "display_name": "WBB2",
                            "freeform_tags.%": "0",
                            "id": "ocid1.subnet.oc1.eu-frankfurt-1.aaaaaaaa5rtpwx5gng6dgxqk566vngnbjp5pcggapzimccszl4cbsohwwa4a",
                            "prohibit_public_ip_on_vnic": "false",
                            "route_table_id": "ocid1.routetable.oc1.eu-frankfurt-1.aaaaaaaaunlmfjv5ozkc6p6infvkwviyfp2r5lyjd6w4tlxwymui5nygd4sa",
                            "security_list_ids.#": "1",
                            "security_list_ids.2994657201": "ocid1.securitylist.oc1.eu-frankfurt-1.aaaaaaaa3avahm3qhvd4mtv5u7226uc4uuy3hnjgpi3cdoanmstpqocnid7a",
                            "state": "AVAILABLE",
                            "time_created": "2019-03-06 07:44:12.003 +0000 UTC",
                            "vcn_id": "ocid1.vcn.oc1.eu-frankfurt-1.aaaaaaaa7p34g2embtynmh6rou63xnkjyy4pivzeaepg6ifspikqx7l3livq",
                            "virtual_router_ip": "10.0.8.1",
                            "virtual_router_mac": "00:00:17:F2:B4:AF"
                        },
                        "meta": {
                            "e2bfb730-ecaa-11e6-8f88-34363bc7c4c0": {
                                "create": 900000000000,
                                "delete": 900000000000,
                                "update": 900000000000
                            }
                        },
                        "tainted": false
                    },
                    "deposed": [],
                    "provider": "provider.oci"
                },
                "oci_core_virtual_network.dorinVCN": {
                    "type": "oci_core_virtual_network",
                    "depends_on": [],
                    "primary": {
                        "id": "ocid1.vcn.oc1.eu-frankfurt-1.aaaaaaaa7p34g2embtynmh6rou63xnkjyy4pivzeaepg6ifspikqx7l3livq",
                        "attributes": {
                            "cidr_block": "10.0.0.0/16",
                            "compartment_id": "ocid1.compartment.oc1..aaaaaaaa3niof57fwig2wavxtnm5qfpg6qdixzmze5bewbdhi3yojp7dijxq",
                            "default_dhcp_options_id": "ocid1.dhcpoptions.oc1.eu-frankfurt-1.aaaaaaaarafdwcyawjzq4dwjls4ndqilmexeclyhhyi4fbetr5uf5qhp6u5a",
                            "default_route_table_id": "ocid1.routetable.oc1.eu-frankfurt-1.aaaaaaaamxsolfg7rorjp6rzzlpjjvwvvo6u2rnletjikcfua25sxctyzbha",
                            "default_security_list_id": "ocid1.securitylist.oc1.eu-frankfurt-1.aaaaaaaa5qu3cehzhrthf6j7q6pxj3odfbjvdlzwp5m2lkp5ozsail256wma",
                            "defined_tags.%": "1",
                            "defined_tags.BUCH_IaaS.PersonalLearning": "Dorin",
                            "display_name": "dorinVCN",
                            "dns_label": "dbexample",
                            "freeform_tags.%": "0",
                            "id": "ocid1.vcn.oc1.eu-frankfurt-1.aaaaaaaa7p34g2embtynmh6rou63xnkjyy4pivzeaepg6ifspikqx7l3livq",
                            "state": "AVAILABLE",
                            "time_created": "2019-03-06 07:44:10.525 +0000 UTC",
                            "vcn_domain_name": "dbexample.oraclevcn.com"
                        },
                        "meta": {
                            "e2bfb730-ecaa-11e6-8f88-34363bc7c4c0": {
                                "create": 900000000000,
                                "delete": 900000000000,
                                "update": 900000000000
                            }
                        },
                        "tainted": false
                    },
                    "deposed": [],
                    "provider": "provider.oci"
                },
                "oci_database_backup.test_backup": {
                    "type": "oci_database_backup",
                    "depends_on": [
                        "data.oci_database_databases.databases",
                        "oci_database_db_system.test_db_system"
                    ],
                    "primary": {
                        "id": "ocid1.dbbackup.oc1.eu-frankfurt-1.abtheljrhw7ikw5nccireyyeenkgmysnjh5mxuw2ax7b6gfutaruhczcmr6a",
                        "attributes": {
                            "availability_domain": "TkFi:EU-FRANKFURT-1-AD-2",
                            "compartment_id": "ocid1.compartment.oc1..aaaaaaaa3niof57fwig2wavxtnm5qfpg6qdixzmze5bewbdhi3yojp7dijxq",
                            "database_edition": "ENTERPRISE_EDITION",
                            "database_id": "ocid1.database.oc1.eu-frankfurt-1.abtheljrnnn5v3mee6r4l4yx7jpq4odridw45xsayxv3mctkqys6e4kumipa",
                            "display_name": "FirstBackup",
                            "id": "ocid1.dbbackup.oc1.eu-frankfurt-1.abtheljrhw7ikw5nccireyyeenkgmysnjh5mxuw2ax7b6gfutaruhczcmr6a",
                            "lifecycle_details": "The backup failed due to an object store connectivity issue. See https://docs.us-phoenix-1.oraclecloud.com/Content/Database/Troubleshooting/Backup/backupfail.htm for information on how to determine and fix the problem.",
                            "state": "FAILED",
                            "time_ended": "2019-03-06 09:24:00.858 +0000 UTC",
                            "time_started": "2019-03-06 09:02:15.19 +0000 UTC",
                            "type": "FULL"
                        },
                        "meta": {
                            "e2bfb730-ecaa-11e6-8f88-34363bc7c4c0": {
                                "create": 900000000000,
                                "delete": 900000000000,
                                "update": 900000000000
                            }
                        },
                        "tainted": false
                    },
                    "deposed": [],
                    "provider": "provider.oci"
                },
                "oci_database_db_system.test_db_system": {
                    "type": "oci_database_db_system",
                    "depends_on": [
                        "data.oci_database_db_system_shapes.test_db_system_shapes",
                        "data.oci_identity_availability_domains.ADs",
                        "oci_core_subnet.DBsubnet"
                    ],
                    "primary": {
                        "id": "ocid1.dbsystem.oc1.eu-frankfurt-1.abtheljrmtmzmnb5hkemif7ujh4qbjcvtyru3s42hvpjkccna6ew3hjhwn6a",
                        "attributes": {
                            "availability_domain": "TkFi:EU-FRANKFURT-1-AD-2",
                            "compartment_id": "ocid1.compartment.oc1..aaaaaaaa3niof57fwig2wavxtnm5qfpg6qdixzmze5bewbdhi3yojp7dijxq",
                            "cpu_core_count": "1",
                            "data_storage_percentage": "40",
                            "data_storage_size_in_gb": "256",
                            "database_edition": "ENTERPRISE_EDITION",
                            "db_home.#": "1",
                            "db_home.0.database.#": "1",
                            "db_home.0.database.0.admin_password": "BEstrO0ng_#12",
                            "db_home.0.database.0.backup_id": "",
                            "db_home.0.database.0.backup_tde_password": "",
                            "db_home.0.database.0.character_set": "AL32UTF8",
                            "db_home.0.database.0.db_backup_config.#": "1",
                            "db_home.0.database.0.db_backup_config.0.auto_backup_enabled": "true",
                            "db_home.0.database.0.db_name": "Dorindb",
                            "db_home.0.database.0.db_workload": "OLTP",
                            "db_home.0.database.0.ncharacter_set": "AL16UTF16",
                            "db_home.0.database.0.pdb_name": "pdbName",
                            "db_home.0.db_version": "12.1.0.2",
                            "db_home.0.display_name": "DBHome",
                            "defined_tags.%": "1",
                            "defined_tags.BUCH_IaaS.PersonalLearning": "Dorin",
                            "disk_redundancy": "HIGH",
                            "display_name": "DBSystem",
                            "domain": "dbexample.dbexample.oraclevcn.com",
                            "fault_domains.#": "1",
                            "fault_domains.0": "fault-domain-1",
                            "freeform_tags.%": "1",
                            "freeform_tags.Department": "Finance",
                            "hostname": "myoracledb",
                            "id": "ocid1.dbsystem.oc1.eu-frankfurt-1.abtheljrmtmzmnb5hkemif7ujh4qbjcvtyru3s42hvpjkccna6ew3hjhwn6a",
                            "license_model": "LICENSE_INCLUDED",
                            "listener_port": "1521",
                            "node_count": "1",
                            "reco_storage_size_in_gb": "256",
                            "scan_dns_record_id": "ocid1.vcndnsrecord.oc1.eu-frankfurt-1.abtheljrd3nixir5kdtkm6l52asfw2s5uztgtea3e2c7ieyue6hvzyoumj2a",
                            "scan_ip_ids.#": "0",
                            "shape": "VM.Standard2.1",
                            "ssh_public_keys.#": "1",
                            "ssh_public_keys.0": "ssh-rsa AAAAB3NzaC1yc2EAAAADAQABAAABAQDCSeHA/v8VzHMojgqZ+ijPW8B5Fc1cWTq4nAtyPWdvnF0t1FzFMktvNX53f5qQ9kQTxUF2AGG2S6BJTaf4gwSZ5Pl5W0vvsUYUfkhlEjigJHtwYqORxC7A+nN2wZ6rsY7S7LlsmblOKj6ZlWKWz0X6hxjpHhaW9/Je41p0+x785cIRkDmScC3YlXSn8NdsVfjxUQkTRSq7J0uJsP0ce3NO9sAXjTp35zowAzAf0J9Oxwz1tbNX/JUn9JDLN/uEEx2t6PlAI6/7jMptwzdQGF9ZyHKA9fVPWVAKLxy7WeQCSI4fJqSOJMhqi294rcnsRedoyc3gKe8Hj2Cd+GXoFMmv vagrant@localhost.localdomain",
                            "state": "AVAILABLE",
                            "subnet_id": "ocid1.subnet.oc1.eu-frankfurt-1.aaaaaaaaps72c3nyaajrmst6dsy2d5cegogcfwwvyrotruh3dzwijo3e2p4a",
                            "time_created": "2019-03-06 07:44:14.863 +0000 UTC",
                            "version": "12.2.0.1.180717",
                            "vip_ids.#": "0"
                        },
                        "meta": {
                            "e2bfb730-ecaa-11e6-8f88-34363bc7c4c0": {
                                "create": 0,
                                "delete": 7200000000000,
                                "update": 7200000000000
                            }
                        },
                        "tainted": false
                    },
                    "deposed": [],
                    "provider": "provider.oci"
                },
                "oci_database_db_system.test_db_system1": {
                    "type": "oci_database_db_system",
                    "depends_on": [
                        "data.oci_database_db_system_shapes.test_db_system_shapes",
                        "data.oci_identity_availability_domains.ADs",
                        "oci_core_subnet.DBsubnet"
                    ],
                    "primary": {
                        "id": "ocid1.dbsystem.oc1.eu-frankfurt-1.abtheljrrsmjvnzsapc2h6ukne4v5fteuvrsocm5iveo6tvyh7ms4swsgpma",
                        "attributes": {
                            "availability_domain": "TkFi:EU-FRANKFURT-1-AD-2",
                            "compartment_id": "ocid1.compartment.oc1..aaaaaaaa3niof57fwig2wavxtnm5qfpg6qdixzmze5bewbdhi3yojp7dijxq",
                            "cpu_core_count": "1",
                            "data_storage_percentage": "40",
                            "data_storage_size_in_gb": "256",
                            "database_edition": "ENTERPRISE_EDITION",
                            "db_home.#": "1",
                            "db_home.0.database.#": "1",
                            "db_home.0.database.0.admin_password": "BEstrO0ng_#12",
                            "db_home.0.database.0.backup_id": "",
                            "db_home.0.database.0.backup_tde_password": "",
                            "db_home.0.database.0.character_set": "AL32UTF8",
                            "db_home.0.database.0.db_backup_config.#": "1",
                            "db_home.0.database.0.db_backup_config.0.auto_backup_enabled": "true",
                            "db_home.0.database.0.db_name": "Dorindb1",
                            "db_home.0.database.0.db_workload": "OLTP",
                            "db_home.0.database.0.ncharacter_set": "AL16UTF16",
                            "db_home.0.database.0.pdb_name": "pdbName",
                            "db_home.0.db_version": "12.1.0.2",
                            "db_home.0.display_name": "DBHome1",
                            "defined_tags.%": "1",
                            "defined_tags.BUCH_IaaS.PersonalLearning": "Dorin",
                            "disk_redundancy": "HIGH",
                            "display_name": "DBSystem1",
                            "domain": "dbexample.dbexample.oraclevcn.com",
                            "fault_domains.#": "1",
                            "fault_domains.0": "fault-domain-2",
                            "freeform_tags.%": "1",
                            "freeform_tags.Department": "IaaS",
                            "hostname": "myoracledb1",
                            "id": "ocid1.dbsystem.oc1.eu-frankfurt-1.abtheljrrsmjvnzsapc2h6ukne4v5fteuvrsocm5iveo6tvyh7ms4swsgpma",
                            "license_model": "LICENSE_INCLUDED",
                            "listener_port": "1521",
                            "node_count": "1",
                            "reco_storage_size_in_gb": "256",
                            "scan_dns_record_id": "ocid1.vcndnsrecord.oc1.eu-frankfurt-1.abtheljrcq3p6t23r5ahx3ngxtbgyo2c7alwqcgotqaumzazbjik6dcxehba",
                            "scan_ip_ids.#": "0",
                            "shape": "VM.Standard2.1",
                            "ssh_public_keys.#": "1",
                            "ssh_public_keys.0": "ssh-rsa AAAAB3NzaC1yc2EAAAADAQABAAABAQDCSeHA/v8VzHMojgqZ+ijPW8B5Fc1cWTq4nAtyPWdvnF0t1FzFMktvNX53f5qQ9kQTxUF2AGG2S6BJTaf4gwSZ5Pl5W0vvsUYUfkhlEjigJHtwYqORxC7A+nN2wZ6rsY7S7LlsmblOKj6ZlWKWz0X6hxjpHhaW9/Je41p0+x785cIRkDmScC3YlXSn8NdsVfjxUQkTRSq7J0uJsP0ce3NO9sAXjTp35zowAzAf0J9Oxwz1tbNX/JUn9JDLN/uEEx2t6PlAI6/7jMptwzdQGF9ZyHKA9fVPWVAKLxy7WeQCSI4fJqSOJMhqi294rcnsRedoyc3gKe8Hj2Cd+GXoFMmv vagrant@localhost.localdomain",
                            "state": "AVAILABLE",
                            "subnet_id": "ocid1.subnet.oc1.eu-frankfurt-1.aaaaaaaaps72c3nyaajrmst6dsy2d5cegogcfwwvyrotruh3dzwijo3e2p4a",
                            "time_created": "2019-03-06 07:44:14.418 +0000 UTC",
                            "version": "12.2.0.1.180717",
                            "vip_ids.#": "0"
                        },
                        "meta": {
                            "e2bfb730-ecaa-11e6-8f88-34363bc7c4c0": {
                                "create": 0,
                                "delete": 7200000000000,
                                "update": 7200000000000
                            }
                        },
                        "tainted": false
                    },
                    "deposed": [],
                    "provider": "provider.oci"
                },
                "oci_load_balancer.lb1": {
                    "type": "oci_load_balancer",
                    "depends_on": [
                        "oci_core_subnet.LBA",
                        "oci_core_subnet.LBB"
                    ],
                    "primary": {
                        "id": "ocid1.loadbalancer.oc1.eu-frankfurt-1.aaaaaaaaou2gdxur74vmgtmfqcen5w4yh74343qiortd7xzrh76uiqrhox2q",
                        "attributes": {
                            "compartment_id": "ocid1.compartment.oc1..aaaaaaaa3niof57fwig2wavxtnm5qfpg6qdixzmze5bewbdhi3yojp7dijxq",
                            "defined_tags.%": "1",
                            "defined_tags.BUCH_IaaS.PersonalLearning": "Dorin",
                            "display_name": "lb1",
                            "freeform_tags.%": "0",
                            "id": "ocid1.loadbalancer.oc1.eu-frankfurt-1.aaaaaaaaou2gdxur74vmgtmfqcen5w4yh74343qiortd7xzrh76uiqrhox2q",
                            "ip_address_details.#": "1",
                            "ip_address_details.0.ip_address": "130.61.10.204",
                            "ip_address_details.0.is_public": "true",
                            "ip_addresses.#": "1",
                            "ip_addresses.0": "130.61.10.204",
                            "is_private": "false",
                            "shape": "100Mbps",
                            "state": "ACTIVE",
                            "subnet_ids.#": "2",
                            "subnet_ids.0": "ocid1.subnet.oc1.eu-frankfurt-1.aaaaaaaa7dk5ilyixm32ob5cqd5cheo2auh5rb56vl4uqtoaqronnzgtylsq",
                            "subnet_ids.1": "ocid1.subnet.oc1.eu-frankfurt-1.aaaaaaaakbbzkmu2xrhzfc3emnoyoosdilprwl4omzlnjvqh5c3w42pvs7dq",
                            "time_created": "2019-03-06 07:44:13.523 +0000 UTC"
                        },
                        "meta": {
                            "e2bfb730-ecaa-11e6-8f88-34363bc7c4c0": {
                                "create": 900000000000,
                                "delete": 900000000000,
                                "update": 900000000000
                            }
                        },
                        "tainted": false
                    },
                    "deposed": [],
                    "provider": "provider.oci"
                },
                "oci_load_balancer.lb2": {
                    "type": "oci_load_balancer",
                    "depends_on": [
                        "oci_core_subnet.LBA2",
                        "oci_core_subnet.LBB2"
                    ],
                    "primary": {
                        "id": "ocid1.loadbalancer.oc1.eu-frankfurt-1.aaaaaaaa6jxopmgnw5qb2lgu2wmcpo6qovq3x5wgziimgmctu2aopzmm7iya",
                        "attributes": {
                            "compartment_id": "ocid1.compartment.oc1..aaaaaaaa3niof57fwig2wavxtnm5qfpg6qdixzmze5bewbdhi3yojp7dijxq",
                            "defined_tags.%": "1",
                            "defined_tags.BUCH_IaaS.PersonalLearning": "Dorin",
                            "display_name": "lb2",
                            "freeform_tags.%": "0",
                            "id": "ocid1.loadbalancer.oc1.eu-frankfurt-1.aaaaaaaa6jxopmgnw5qb2lgu2wmcpo6qovq3x5wgziimgmctu2aopzmm7iya",
                            "ip_address_details.#": "1",
                            "ip_address_details.0.ip_address": "132.145.233.184",
                            "ip_address_details.0.is_public": "true",
                            "ip_addresses.#": "1",
                            "ip_addresses.0": "132.145.233.184",
                            "is_private": "false",
                            "shape": "100Mbps",
                            "state": "ACTIVE",
                            "subnet_ids.#": "2",
                            "subnet_ids.0": "ocid1.subnet.oc1.eu-frankfurt-1.aaaaaaaapqewcsmpijvym7hunfncylgl3ieyjvs3bwigsmmwr4im2jhgwlfa",
                            "subnet_ids.1": "ocid1.subnet.oc1.eu-frankfurt-1.aaaaaaaaootgnwpm42lxd2yuzzfe3fuvvw6doxj7n7gkbgckmj23twevi3ka",
                            "time_created": "2019-03-06 07:44:13.756 +0000 UTC"
                        },
                        "meta": {
                            "e2bfb730-ecaa-11e6-8f88-34363bc7c4c0": {
                                "create": 900000000000,
                                "delete": 900000000000,
                                "update": 900000000000
                            }
                        },
                        "tainted": false
                    },
                    "deposed": [],
                    "provider": "provider.oci"
                },
                "oci_load_balancer_backend.lb-be1": {
                    "type": "oci_load_balancer_backend",
                    "depends_on": [
                        "oci_core_instance.WebServerA",
                        "oci_load_balancer.lb1",
                        "oci_load_balancer_backend_set.lb-bes1"
                    ],
                    "primary": {
                        "id": "loadBalancers/ocid1.loadbalancer.oc1.eu-frankfurt-1.aaaaaaaaou2gdxur74vmgtmfqcen5w4yh74343qiortd7xzrh76uiqrhox2q/backendSets/lb-bes1/backends/10.0.2.2:80",
                        "attributes": {
                            "backendset_name": "lb-bes1",
                            "backup": "false",
                            "drain": "false",
                            "id": "loadBalancers/ocid1.loadbalancer.oc1.eu-frankfurt-1.aaaaaaaaou2gdxur74vmgtmfqcen5w4yh74343qiortd7xzrh76uiqrhox2q/backendSets/lb-bes1/backends/10.0.2.2:80",
                            "ip_address": "10.0.2.2",
                            "load_balancer_id": "ocid1.loadbalancer.oc1.eu-frankfurt-1.aaaaaaaaou2gdxur74vmgtmfqcen5w4yh74343qiortd7xzrh76uiqrhox2q",
                            "name": "10.0.2.2:80",
                            "offline": "false",
                            "port": "80",
                            "state": "SUCCEEDED",
                            "weight": "1"
                        },
                        "meta": {
                            "e2bfb730-ecaa-11e6-8f88-34363bc7c4c0": {
                                "create": 900000000000,
                                "delete": 900000000000,
                                "update": 900000000000
                            }
                        },
                        "tainted": false
                    },
                    "deposed": [],
                    "provider": "provider.oci"
                },
                "oci_load_balancer_backend.lb-be2": {
                    "type": "oci_load_balancer_backend",
                    "depends_on": [
                        "oci_core_instance.WebServerB",
                        "oci_load_balancer.lb1",
                        "oci_load_balancer_backend_set.lb-bes1"
                    ],
                    "primary": {
                        "id": "loadBalancers/ocid1.loadbalancer.oc1.eu-frankfurt-1.aaaaaaaaou2gdxur74vmgtmfqcen5w4yh74343qiortd7xzrh76uiqrhox2q/backendSets/lb-bes1/backends/10.0.3.2:80",
                        "attributes": {
                            "backendset_name": "lb-bes1",
                            "backup": "false",
                            "drain": "false",
                            "id": "loadBalancers/ocid1.loadbalancer.oc1.eu-frankfurt-1.aaaaaaaaou2gdxur74vmgtmfqcen5w4yh74343qiortd7xzrh76uiqrhox2q/backendSets/lb-bes1/backends/10.0.3.2:80",
                            "ip_address": "10.0.3.2",
                            "load_balancer_id": "ocid1.loadbalancer.oc1.eu-frankfurt-1.aaaaaaaaou2gdxur74vmgtmfqcen5w4yh74343qiortd7xzrh76uiqrhox2q",
                            "name": "10.0.3.2:80",
                            "offline": "false",
                            "port": "80",
                            "state": "SUCCEEDED",
                            "weight": "1"
                        },
                        "meta": {
                            "e2bfb730-ecaa-11e6-8f88-34363bc7c4c0": {
                                "create": 900000000000,
                                "delete": 900000000000,
                                "update": 900000000000
                            }
                        },
                        "tainted": false
                    },
                    "deposed": [],
                    "provider": "provider.oci"
                },
                "oci_load_balancer_backend.lb-beA": {
                    "type": "oci_load_balancer_backend",
                    "depends_on": [
                        "oci_core_instance.WordpressA",
                        "oci_load_balancer.lb2",
                        "oci_load_balancer_backend_set.lb-bes2"
                    ],
                    "primary": {
                        "id": "loadBalancers/ocid1.loadbalancer.oc1.eu-frankfurt-1.aaaaaaaa6jxopmgnw5qb2lgu2wmcpo6qovq3x5wgziimgmctu2aopzmm7iya/backendSets/lb-bes2/backends/10.0.7.2:80",
                        "attributes": {
                            "backendset_name": "lb-bes2",
                            "backup": "false",
                            "drain": "false",
                            "id": "loadBalancers/ocid1.loadbalancer.oc1.eu-frankfurt-1.aaaaaaaa6jxopmgnw5qb2lgu2wmcpo6qovq3x5wgziimgmctu2aopzmm7iya/backendSets/lb-bes2/backends/10.0.7.2:80",
                            "ip_address": "10.0.7.2",
                            "load_balancer_id": "ocid1.loadbalancer.oc1.eu-frankfurt-1.aaaaaaaa6jxopmgnw5qb2lgu2wmcpo6qovq3x5wgziimgmctu2aopzmm7iya",
                            "name": "10.0.7.2:80",
                            "offline": "false",
                            "port": "80",
                            "state": "SUCCEEDED",
                            "weight": "1"
                        },
                        "meta": {
                            "e2bfb730-ecaa-11e6-8f88-34363bc7c4c0": {
                                "create": 900000000000,
                                "delete": 900000000000,
                                "update": 900000000000
                            }
                        },
                        "tainted": false
                    },
                    "deposed": [],
                    "provider": "provider.oci"
                },
                "oci_load_balancer_backend.lb-beB": {
                    "type": "oci_load_balancer_backend",
                    "depends_on": [
                        "oci_core_instance.WordpressB",
                        "oci_load_balancer.lb2",
                        "oci_load_balancer_backend_set.lb-bes2"
                    ],
                    "primary": {
                        "id": "loadBalancers/ocid1.loadbalancer.oc1.eu-frankfurt-1.aaaaaaaa6jxopmgnw5qb2lgu2wmcpo6qovq3x5wgziimgmctu2aopzmm7iya/backendSets/lb-bes2/backends/10.0.8.2:80",
                        "attributes": {
                            "backendset_name": "lb-bes2",
                            "backup": "false",
                            "drain": "false",
                            "id": "loadBalancers/ocid1.loadbalancer.oc1.eu-frankfurt-1.aaaaaaaa6jxopmgnw5qb2lgu2wmcpo6qovq3x5wgziimgmctu2aopzmm7iya/backendSets/lb-bes2/backends/10.0.8.2:80",
                            "ip_address": "10.0.8.2",
                            "load_balancer_id": "ocid1.loadbalancer.oc1.eu-frankfurt-1.aaaaaaaa6jxopmgnw5qb2lgu2wmcpo6qovq3x5wgziimgmctu2aopzmm7iya",
                            "name": "10.0.8.2:80",
                            "offline": "false",
                            "port": "80",
                            "state": "SUCCEEDED",
                            "weight": "1"
                        },
                        "meta": {
                            "e2bfb730-ecaa-11e6-8f88-34363bc7c4c0": {
                                "create": 900000000000,
                                "delete": 900000000000,
                                "update": 900000000000
                            }
                        },
                        "tainted": false
                    },
                    "deposed": [],
                    "provider": "provider.oci"
                },
                "oci_load_balancer_backend_set.lb-bes1": {
                    "type": "oci_load_balancer_backend_set",
                    "depends_on": [
                        "oci_load_balancer.lb1"
                    ],
                    "primary": {
                        "id": "loadBalancers/ocid1.loadbalancer.oc1.eu-frankfurt-1.aaaaaaaaou2gdxur74vmgtmfqcen5w4yh74343qiortd7xzrh76uiqrhox2q/backendSets/lb-bes1",
                        "attributes": {
                            "backend.#": "2",
                            "backend.201703872.backup": "false",
                            "backend.201703872.drain": "false",
                            "backend.201703872.ip_address": "10.0.3.2",
                            "backend.201703872.name": "10.0.3.2:80",
                            "backend.201703872.offline": "false",
                            "backend.201703872.port": "80",
                            "backend.201703872.weight": "1",
                            "backend.3053328936.backup": "false",
                            "backend.3053328936.drain": "false",
                            "backend.3053328936.ip_address": "10.0.2.2",
                            "backend.3053328936.name": "10.0.2.2:80",
                            "backend.3053328936.offline": "false",
                            "backend.3053328936.port": "80",
                            "backend.3053328936.weight": "1",
                            "health_checker.#": "1",
                            "health_checker.0.interval_ms": "30000",
                            "health_checker.0.port": "80",
                            "health_checker.0.protocol": "HTTP",
                            "health_checker.0.response_body_regex": ".*",
                            "health_checker.0.retries": "3",
                            "health_checker.0.return_code": "200",
                            "health_checker.0.timeout_in_millis": "3000",
                            "health_checker.0.url_path": "/",
                            "id": "loadBalancers/ocid1.loadbalancer.oc1.eu-frankfurt-1.aaaaaaaaou2gdxur74vmgtmfqcen5w4yh74343qiortd7xzrh76uiqrhox2q/backendSets/lb-bes1",
                            "load_balancer_id": "ocid1.loadbalancer.oc1.eu-frankfurt-1.aaaaaaaaou2gdxur74vmgtmfqcen5w4yh74343qiortd7xzrh76uiqrhox2q",
                            "name": "lb-bes1",
                            "policy": "ROUND_ROBIN",
                            "session_persistence_configuration.#": "0",
                            "ssl_configuration.#": "0",
                            "state": "SUCCEEDED"
                        },
                        "meta": {
                            "e2bfb730-ecaa-11e6-8f88-34363bc7c4c0": {
                                "create": 900000000000,
                                "delete": 900000000000,
                                "update": 900000000000
                            }
                        },
                        "tainted": false
                    },
                    "deposed": [],
                    "provider": "provider.oci"
                },
                "oci_load_balancer_backend_set.lb-bes2": {
                    "type": "oci_load_balancer_backend_set",
                    "depends_on": [
                        "oci_load_balancer.lb2"
                    ],
                    "primary": {
                        "id": "loadBalancers/ocid1.loadbalancer.oc1.eu-frankfurt-1.aaaaaaaa6jxopmgnw5qb2lgu2wmcpo6qovq3x5wgziimgmctu2aopzmm7iya/backendSets/lb-bes2",
                        "attributes": {
                            "backend.#": "2",
                            "backend.2256118947.backup": "false",
                            "backend.2256118947.drain": "false",
                            "backend.2256118947.ip_address": "10.0.7.2",
                            "backend.2256118947.name": "10.0.7.2:80",
                            "backend.2256118947.offline": "false",
                            "backend.2256118947.port": "80",
                            "backend.2256118947.weight": "1",
                            "backend.3539035966.backup": "false",
                            "backend.3539035966.drain": "false",
                            "backend.3539035966.ip_address": "10.0.8.2",
                            "backend.3539035966.name": "10.0.8.2:80",
                            "backend.3539035966.offline": "false",
                            "backend.3539035966.port": "80",
                            "backend.3539035966.weight": "1",
                            "health_checker.#": "1",
                            "health_checker.0.interval_ms": "30000",
                            "health_checker.0.port": "80",
                            "health_checker.0.protocol": "HTTP",
                            "health_checker.0.response_body_regex": ".*",
                            "health_checker.0.retries": "3",
                            "health_checker.0.return_code": "200",
                            "health_checker.0.timeout_in_millis": "3000",
                            "health_checker.0.url_path": "/",
                            "id": "loadBalancers/ocid1.loadbalancer.oc1.eu-frankfurt-1.aaaaaaaa6jxopmgnw5qb2lgu2wmcpo6qovq3x5wgziimgmctu2aopzmm7iya/backendSets/lb-bes2",
                            "load_balancer_id": "ocid1.loadbalancer.oc1.eu-frankfurt-1.aaaaaaaa6jxopmgnw5qb2lgu2wmcpo6qovq3x5wgziimgmctu2aopzmm7iya",
                            "name": "lb-bes2",
                            "policy": "ROUND_ROBIN",
                            "session_persistence_configuration.#": "0",
                            "ssl_configuration.#": "0",
                            "state": "SUCCEEDED"
                        },
                        "meta": {
                            "e2bfb730-ecaa-11e6-8f88-34363bc7c4c0": {
                                "create": 900000000000,
                                "delete": 900000000000,
                                "update": 900000000000
                            }
                        },
                        "tainted": false
                    },
                    "deposed": [],
                    "provider": "provider.oci"
                },
                "oci_load_balancer_listener.lb-listener1": {
                    "type": "oci_load_balancer_listener",
                    "depends_on": [
                        "oci_load_balancer.lb1",
                        "oci_load_balancer_backend_set.lb-bes1"
                    ],
                    "primary": {
                        "id": "loadBalancers/ocid1.loadbalancer.oc1.eu-frankfurt-1.aaaaaaaaou2gdxur74vmgtmfqcen5w4yh74343qiortd7xzrh76uiqrhox2q/listeners/http",
                        "attributes": {
                            "connection_configuration.#": "1",
                            "connection_configuration.0.idle_timeout_in_seconds": "2",
                            "default_backend_set_name": "lb-bes1",
                            "hostname_names.#": "0",
                            "id": "loadBalancers/ocid1.loadbalancer.oc1.eu-frankfurt-1.aaaaaaaaou2gdxur74vmgtmfqcen5w4yh74343qiortd7xzrh76uiqrhox2q/listeners/http",
                            "load_balancer_id": "ocid1.loadbalancer.oc1.eu-frankfurt-1.aaaaaaaaou2gdxur74vmgtmfqcen5w4yh74343qiortd7xzrh76uiqrhox2q",
                            "name": "http",
                            "port": "80",
                            "protocol": "HTTP",
                            "rule_set_names.#": "0",
                            "ssl_configuration.#": "0",
                            "state": "SUCCEEDED"
                        },
                        "meta": {
                            "e2bfb730-ecaa-11e6-8f88-34363bc7c4c0": {
                                "create": 900000000000,
                                "delete": 900000000000,
                                "update": 900000000000
                            }
                        },
                        "tainted": false
                    },
                    "deposed": [],
                    "provider": "provider.oci"
                },
                "oci_load_balancer_listener.lb-listener2": {
                    "type": "oci_load_balancer_listener",
                    "depends_on": [
                        "oci_load_balancer.lb2",
                        "oci_load_balancer_backend_set.lb-bes2"
                    ],
                    "primary": {
                        "id": "loadBalancers/ocid1.loadbalancer.oc1.eu-frankfurt-1.aaaaaaaa6jxopmgnw5qb2lgu2wmcpo6qovq3x5wgziimgmctu2aopzmm7iya/listeners/http",
                        "attributes": {
                            "connection_configuration.#": "1",
                            "connection_configuration.0.idle_timeout_in_seconds": "2",
                            "default_backend_set_name": "lb-bes2",
                            "hostname_names.#": "0",
                            "id": "loadBalancers/ocid1.loadbalancer.oc1.eu-frankfurt-1.aaaaaaaa6jxopmgnw5qb2lgu2wmcpo6qovq3x5wgziimgmctu2aopzmm7iya/listeners/http",
                            "load_balancer_id": "ocid1.loadbalancer.oc1.eu-frankfurt-1.aaaaaaaa6jxopmgnw5qb2lgu2wmcpo6qovq3x5wgziimgmctu2aopzmm7iya",
                            "name": "http",
                            "port": "80",
                            "protocol": "HTTP",
                            "rule_set_names.#": "0",
                            "ssl_configuration.#": "0",
                            "state": "SUCCEEDED"
                        },
                        "meta": {
                            "e2bfb730-ecaa-11e6-8f88-34363bc7c4c0": {
                                "create": 900000000000,
                                "delete": 900000000000,
                                "update": 900000000000
                            }
                        },
                        "tainted": false
                    },
                    "deposed": [],
                    "provider": "provider.oci"
                }
            },
            "depends_on": []
        }
    ]
}
